
Microsoft Visual Studio Solution File, Format Version 12.00
# Visual Studio Version 16
VisualStudioVersion = 16.0.31129.286
MinimumVisualStudioVersion = 10.0.40219.1
Project("{9A19103F-16F7-4668-BE54-9A1E7A4F7556}") = "Games-268A", "Games-268A\Games-268A.csproj", "{0D3C9229-3172-47FA-857B-0C21B373BD88}"
EndProject
Project("{9A19103F-16F7-4668-BE54-9A1E7A4F7556}") = "Pangram-520A", "Pangram-520A\Pangram-520A.csproj", "{AABBF9E3-E792-4832-8DA2-F99BA328F92D}"
EndProject
Project("{9A19103F-16F7-4668-BE54-9A1E7A4F7556}") = "Divisibility Problem-1328A", "Divisibility Problem-1328A\Divisibility Problem-1328A.csproj", "{1C113177-2A95-4653-942E-0004A23D54C4}"
EndProject
Project("{9A19103F-16F7-4668-BE54-9A1E7A4F7556}") = "Review Site -1511A", "Review Site -1511A\Review Site -1511A.csproj", "{BB4A81C7-FFE0-4F3F-A013-531DE093CD21}"
EndProject
Project("{9A19103F-16F7-4668-BE54-9A1E7A4F7556}") = "GCD Length-1511B", "GCD Length-1511B\GCD Length-1511B.csproj", "{E8CB5CAF-951F-440F-8FF5-5586374A11D9}"
EndProject
Project("{9A19103F-16F7-4668-BE54-9A1E7A4F7556}") = "Arrival of the General-144A", "Arrival of the General-144A\Arrival of the General-144A.csproj", "{0DEE7412-8B72-47D3-9F3E-9DDB60DD117C}"
EndProject
Project("{9A19103F-16F7-4668-BE54-9A1E7A4F7556}") = "Anton and Polyhedrons-785A", "Anton and Polyhedrons-785A\Anton and Polyhedrons-785A.csproj", "{E9BA7BD5-5510-4077-AE0B-E4A636722BA3}"
EndProject
Project("{9A19103F-16F7-4668-BE54-9A1E7A4F7556}") = "Hit the Lottery-996A", "Hit the Lottery-996A\Hit the Lottery-996A.csproj", "{448B3A10-902A-44E0-862B-1D11533CDE07}"
EndProject
Project("{9A19103F-16F7-4668-BE54-9A1E7A4F7556}") = "Candies and Two Sisters-1335A", "Candies and Two Sisters-1335A\Candies and Two Sisters-1335A.csproj", "{F29DBB1F-6B14-45C2-8A51-DEF1176231AE}"
EndProject
Project("{9A19103F-16F7-4668-BE54-9A1E7A4F7556}") = "Vasya the Hipster-581A", "Vasya the Hipster-581A\Vasya the Hipster-581A.csproj", "{5C473621-B656-4552-8946-91DB8F6DD618}"
EndProject
Project("{9A19103F-16F7-4668-BE54-9A1E7A4F7556}") = "New Year and Hurry-750A", "New Year and Hurry-750A\New Year and Hurry-750A.csproj", "{DE49CAB6-FD0E-4BE8-BD24-177EB19750D1}"
EndProject
Project("{9A19103F-16F7-4668-BE54-9A1E7A4F7556}") = "Amusing Joke-141A", "Amusing Joke-141A\Amusing Joke-141A.csproj", "{2F628689-3BB4-4472-A957-C32485431BA5}"
EndProject
Project("{9A19103F-16F7-4668-BE54-9A1E7A4F7556}") = "Sum of Round Numbers-1352A", "Sum of Round Numbers-1352A\Sum of Round Numbers-1352A.csproj", "{4A9968F0-EA46-4F60-A2BE-EA5CF016EB42}"
EndProject
Project("{9A19103F-16F7-4668-BE54-9A1E7A4F7556}") = "Remove Smallest-1399A", "Remove Smallest-1399A\Remove Smallest-1399A.csproj", "{DF82AA56-A3F1-4BDE-8F48-8D56C1387B4C}"
EndProject
Project("{9A19103F-16F7-4668-BE54-9A1E7A4F7556}") = "Design Tutorial Learn from Math-472A", "Design Tutorial Learn from Math-472A\Design Tutorial Learn from Math-472A.csproj", "{F0A687A7-C7F3-4099-809E-93AB7A34E47E}"
EndProject
Project("{9A19103F-16F7-4668-BE54-9A1E7A4F7556}") = "Buy a Shovel-732A", "Buy a Shovel-732A\Buy a Shovel-732A.csproj", "{84C6F8B7-3EFA-472F-813B-8ECC08EC1821}"
EndProject
Project("{9A19103F-16F7-4668-BE54-9A1E7A4F7556}") = "Yet Another Two Integers Problem-1409", "Yet Another Two Integers Problem-1409\Yet Another Two Integers Problem-1409.csproj", "{B621CC8A-9D43-4DEB-9C6E-91E4AAEE466C}"
EndProject
Project("{9A19103F-16F7-4668-BE54-9A1E7A4F7556}") = "Restoring Three Numbers-1154A", "Restoring Three Numbers-1154A\Restoring Three Numbers-1154A.csproj", "{453D8D9B-C268-484A-90F6-82B9CD25471C}"
EndProject
Project("{9A19103F-16F7-4668-BE54-9A1E7A4F7556}") = "Holiday Of Equality-758A", "Holiday Of Equality-758A\Holiday Of Equality-758A.csproj", "{A04320C7-5859-44B9-8978-2B52CEFEB467}"
EndProject
Project("{9A19103F-16F7-4668-BE54-9A1E7A4F7556}") = "The New Year Meeting Friends-723A", "The New Year Meeting Friends-723A\The New Year Meeting Friends-723A.csproj", "{EF0AA87E-56CF-4BE7-8C19-C06656D9638F}"
EndProject
Project("{9A19103F-16F7-4668-BE54-9A1E7A4F7556}") = "Choosing Teams-432A", "Choosing Teams-432A\Choosing Teams-432A.csproj", "{5177851C-557D-422C-9CFE-F4D41DB0DF65}"
EndProject
Project("{9A19103F-16F7-4668-BE54-9A1E7A4F7556}") = "Short Substrings-1347A", "Short Substrings-1347A\Short Substrings-1347A.csproj", "{D55F7E42-5B5C-4704-9B98-016CD1E177B0}"
EndProject
Project("{9A19103F-16F7-4668-BE54-9A1E7A4F7556}") = "Balanced Array-1343B", "Balanced Array-1343B\Balanced Array-1343B.csproj", "{2C2BF609-B331-4A72-AA24-75FBFAA5A825}"
EndProject
Project("{9A19103F-16F7-4668-BE54-9A1E7A4F7556}") = "Phoenix and Balance-1348A", "Phoenix and Balance-1348A\Phoenix and Balance-1348A.csproj", "{81BC648A-FC52-431D-886E-69A6DEB8589E}"
EndProject
Project("{9A19103F-16F7-4668-BE54-9A1E7A4F7556}") = "Required Remainder-1374A", "Required Remainder-1374A\Required Remainder-1374A.csproj", "{520B7D14-E8E8-457D-AB5D-DEE27111F6E2}"
EndProject
Project("{9A19103F-16F7-4668-BE54-9A1E7A4F7556}") = "Minimal Square-1360A", "Minimal Square-1360A\Minimal Square-1360A.csproj", "{9F7AFE3C-71F5-4167-BDF0-269D1799949F}"
EndProject
Project("{9A19103F-16F7-4668-BE54-9A1E7A4F7556}") = "Honest Coach-1360B", "Honest Coach-1360B\Honest Coach-1360B.csproj", "{5DDC248F-B3E6-412A-9B8F-98440F08E2DD}"
EndProject
Project("{9A19103F-16F7-4668-BE54-9A1E7A4F7556}") = "Mishka and Game", "Mishka and Game\Mishka and Game.csproj", "{D0948518-FBCD-4673-9B20-DAB4E8494EDA}"
EndProject
Project("{9A19103F-16F7-4668-BE54-9A1E7A4F7556}") = "Two Arrays And Swaps-1353B", "Two Arrays And Swaps-1353B\Two Arrays And Swaps-1353B.csproj", "{0156D14C-E306-457A-80DC-47A8D2103BD4}"
EndProject
Project("{9A19103F-16F7-4668-BE54-9A1E7A4F7556}") = "Winner-Contest-2A", "Winner-Contest-2A\Winner-Contest-2A.csproj", "{677F4825-87DF-4D1C-A5DC-1FF60461CBC0}"
EndProject
Project("{9A19103F-16F7-4668-BE54-9A1E7A4F7556}") = "Gifts Fixing-1399B", "Gifts Fixing-1399B\Gifts Fixing-1399B.csproj", "{7569B401-F4D4-4EAE-A3C5-83192CF20A05}"
EndProject
Project("{9A19103F-16F7-4668-BE54-9A1E7A4F7556}") = "Even Array-1367B", "Even Array-1367B\Even Array-1367B.csproj", "{4AF2FF99-7879-44E4-9205-C66C53F44EFE}"
EndProject
Project("{9A19103F-16F7-4668-BE54-9A1E7A4F7556}") = "Bachgold Problem-749A", "Bachgold Problem-749A\Bachgold Problem-749A.csproj", "{75AF07DA-8B46-49E1-97F2-DEB2ADC97A88}"
EndProject
Project("{9A19103F-16F7-4668-BE54-9A1E7A4F7556}") = "Boring Apartments-1433A", "Boring Apartments-1433A\Boring Apartments-1433A.csproj", "{A3295FF5-AB51-4319-B962-41E09DC800D6}"
EndProject
Project("{9A19103F-16F7-4668-BE54-9A1E7A4F7556}") = "Lucky Division-122A", "Lucky Division-122A\Lucky Division-122A.csproj", "{2F05DACC-44E9-47FC-948F-C791D4CBA1A2}"
EndProject
Project("{9A19103F-16F7-4668-BE54-9A1E7A4F7556}") = "Maximum GCD-1370", "Maximum GCD-1370\Maximum GCD-1370.csproj", "{A8EB5280-DFA3-4115-9698-65547E5E40F9}"
EndProject
Project("{9A19103F-16F7-4668-BE54-9A1E7A4F7556}") = "Perfectly Imperfect Array-1514A", "ConsoleApp2\Perfectly Imperfect Array-1514A.csproj", "{2420267E-9487-454F-8807-EC19C506EDE3}"
EndProject
Project("{9A19103F-16F7-4668-BE54-9A1E7A4F7556}") = "A Tit for Tat-1516A", "ConsoleApp1\A Tit for Tat-1516A.csproj", "{C4F25D8B-AAA0-4168-88BF-0E68EBDDE85C}"
EndProject
Project("{9A19103F-16F7-4668-BE54-9A1E7A4F7556}") = "AGAGA XOOORRR-1516B", "AGAGA XOOORRR-1516B\AGAGA XOOORRR-1516B.csproj", "{AF444B68-1704-4E19-8495-A63404A9C8D8}"
EndProject
Project("{9A19103F-16F7-4668-BE54-9A1E7A4F7556}") = "Array and Peaks-1513A", "Array and Peaks-1513A\Array and Peaks-1513A.csproj", "{BD2B3495-49FB-419B-A9FB-D773683F49C9}"
EndProject
Project("{9A19103F-16F7-4668-BE54-9A1E7A4F7556}") = "I Wanna Be the Guy-469A", "I Wanna Be the Guy-469A\I Wanna Be the Guy-469A.csproj", "{DB26620C-75BD-4569-8762-7ADE4E467532}"
EndProject
Project("{9A19103F-16F7-4668-BE54-9A1E7A4F7556}") = "Is it rated - 2 -1505A", "Is it rated - 2 -1505A\Is it rated - 2 -1505A.csproj", "{F0914D41-BCF7-4165-9E93-F0F541364800}"
EndProject
Project("{9A19103F-16F7-4668-BE54-9A1E7A4F7556}") = "DMCA-1505-B", "DMCA-1505-B\DMCA-1505-B.csproj", "{5CAB8C69-2F70-4421-8EC7-A7997E4D0333}"
EndProject
Project("{9A19103F-16F7-4668-BE54-9A1E7A4F7556}") = "The cake is lie -1519B", "The cake is lie -1519B\The cake is lie -1519B.csproj", "{75431EAC-88A5-4E26-8AFE-0A451FCC9078}"
EndProject
Project("{9A19103F-16F7-4668-BE54-9A1E7A4F7556}") = "Red and Blue Beans-1519A", "Red and Blue Beans-1519A\Red and Blue Beans-1519A.csproj", "{581FD149-BDFD-4FC4-83BC-8B8DC355D0AA}"
EndProject
Project("{9A19103F-16F7-4668-BE54-9A1E7A4F7556}") = "Restore the Permutation by Merger-1385B", "Restore the Permutation by Merger-1385B\Restore the Permutation by Merger-1385B.csproj", "{7E4A6A09-48ED-48D5-9FEE-24FBDA6982C0}"
EndProject
Project("{9A19103F-16F7-4668-BE54-9A1E7A4F7556}") = "Magical Sticks-1371A", "Magical Sticks-1371A\Magical Sticks-1371A.csproj", "{62010001-C6F2-4052-8AD8-16FC1C7ADD4C}"
EndProject
Project("{9A19103F-16F7-4668-BE54-9A1E7A4F7556}") = "Most Unstable Array-1353A", "Most Unstable Array-1353A\Most Unstable Array-1353A.csproj", "{1D43B3FA-6AB5-4E69-8ABC-C116EF6A1168}"
EndProject
Project("{9A19103F-16F7-4668-BE54-9A1E7A4F7556}") = "Twins-160A", "Twins-160A\Twins-160A.csproj", "{C1EC03D5-589E-43C5-8D15-E351B4CD3756}"
EndProject
Project("{FAE04EC0-301F-11D3-BF4B-00C04F79EFBC}") = "Buying Shovels-1360D", "Buying Shovels-1360D\Buying Shovels-1360D.csproj", "{A145807D-2AEA-4E55-A219-FB6081BD2A72}"
EndProject
Global
	GlobalSection(SolutionConfigurationPlatforms) = preSolution
		Debug|Any CPU = Debug|Any CPU
		Release|Any CPU = Release|Any CPU
	EndGlobalSection
	GlobalSection(ProjectConfigurationPlatforms) = postSolution
		{0D3C9229-3172-47FA-857B-0C21B373BD88}.Debug|Any CPU.ActiveCfg = Debug|Any CPU
		{0D3C9229-3172-47FA-857B-0C21B373BD88}.Debug|Any CPU.Build.0 = Debug|Any CPU
		{0D3C9229-3172-47FA-857B-0C21B373BD88}.Release|Any CPU.ActiveCfg = Release|Any CPU
		{0D3C9229-3172-47FA-857B-0C21B373BD88}.Release|Any CPU.Build.0 = Release|Any CPU
		{AABBF9E3-E792-4832-8DA2-F99BA328F92D}.Debug|Any CPU.ActiveCfg = Debug|Any CPU
		{AABBF9E3-E792-4832-8DA2-F99BA328F92D}.Debug|Any CPU.Build.0 = Debug|Any CPU
		{AABBF9E3-E792-4832-8DA2-F99BA328F92D}.Release|Any CPU.ActiveCfg = Release|Any CPU
		{AABBF9E3-E792-4832-8DA2-F99BA328F92D}.Release|Any CPU.Build.0 = Release|Any CPU
		{1C113177-2A95-4653-942E-0004A23D54C4}.Debug|Any CPU.ActiveCfg = Debug|Any CPU
		{1C113177-2A95-4653-942E-0004A23D54C4}.Debug|Any CPU.Build.0 = Debug|Any CPU
		{1C113177-2A95-4653-942E-0004A23D54C4}.Release|Any CPU.ActiveCfg = Release|Any CPU
		{1C113177-2A95-4653-942E-0004A23D54C4}.Release|Any CPU.Build.0 = Release|Any CPU
		{BB4A81C7-FFE0-4F3F-A013-531DE093CD21}.Debug|Any CPU.ActiveCfg = Debug|Any CPU
		{BB4A81C7-FFE0-4F3F-A013-531DE093CD21}.Debug|Any CPU.Build.0 = Debug|Any CPU
		{BB4A81C7-FFE0-4F3F-A013-531DE093CD21}.Release|Any CPU.ActiveCfg = Release|Any CPU
		{BB4A81C7-FFE0-4F3F-A013-531DE093CD21}.Release|Any CPU.Build.0 = Release|Any CPU
		{E8CB5CAF-951F-440F-8FF5-5586374A11D9}.Debug|Any CPU.ActiveCfg = Debug|Any CPU
		{E8CB5CAF-951F-440F-8FF5-5586374A11D9}.Debug|Any CPU.Build.0 = Debug|Any CPU
		{E8CB5CAF-951F-440F-8FF5-5586374A11D9}.Release|Any CPU.ActiveCfg = Release|Any CPU
		{E8CB5CAF-951F-440F-8FF5-5586374A11D9}.Release|Any CPU.Build.0 = Release|Any CPU
		{0DEE7412-8B72-47D3-9F3E-9DDB60DD117C}.Debug|Any CPU.ActiveCfg = Debug|Any CPU
		{0DEE7412-8B72-47D3-9F3E-9DDB60DD117C}.Debug|Any CPU.Build.0 = Debug|Any CPU
		{0DEE7412-8B72-47D3-9F3E-9DDB60DD117C}.Release|Any CPU.ActiveCfg = Release|Any CPU
		{0DEE7412-8B72-47D3-9F3E-9DDB60DD117C}.Release|Any CPU.Build.0 = Release|Any CPU
		{E9BA7BD5-5510-4077-AE0B-E4A636722BA3}.Debug|Any CPU.ActiveCfg = Debug|Any CPU
		{E9BA7BD5-5510-4077-AE0B-E4A636722BA3}.Debug|Any CPU.Build.0 = Debug|Any CPU
		{E9BA7BD5-5510-4077-AE0B-E4A636722BA3}.Release|Any CPU.ActiveCfg = Release|Any CPU
		{E9BA7BD5-5510-4077-AE0B-E4A636722BA3}.Release|Any CPU.Build.0 = Release|Any CPU
		{448B3A10-902A-44E0-862B-1D11533CDE07}.Debug|Any CPU.ActiveCfg = Debug|Any CPU
		{448B3A10-902A-44E0-862B-1D11533CDE07}.Debug|Any CPU.Build.0 = Debug|Any CPU
		{448B3A10-902A-44E0-862B-1D11533CDE07}.Release|Any CPU.ActiveCfg = Release|Any CPU
		{448B3A10-902A-44E0-862B-1D11533CDE07}.Release|Any CPU.Build.0 = Release|Any CPU
		{F29DBB1F-6B14-45C2-8A51-DEF1176231AE}.Debug|Any CPU.ActiveCfg = Debug|Any CPU
		{F29DBB1F-6B14-45C2-8A51-DEF1176231AE}.Debug|Any CPU.Build.0 = Debug|Any CPU
		{F29DBB1F-6B14-45C2-8A51-DEF1176231AE}.Release|Any CPU.ActiveCfg = Release|Any CPU
		{F29DBB1F-6B14-45C2-8A51-DEF1176231AE}.Release|Any CPU.Build.0 = Release|Any CPU
		{5C473621-B656-4552-8946-91DB8F6DD618}.Debug|Any CPU.ActiveCfg = Debug|Any CPU
		{5C473621-B656-4552-8946-91DB8F6DD618}.Debug|Any CPU.Build.0 = Debug|Any CPU
		{5C473621-B656-4552-8946-91DB8F6DD618}.Release|Any CPU.ActiveCfg = Release|Any CPU
		{5C473621-B656-4552-8946-91DB8F6DD618}.Release|Any CPU.Build.0 = Release|Any CPU
		{DE49CAB6-FD0E-4BE8-BD24-177EB19750D1}.Debug|Any CPU.ActiveCfg = Debug|Any CPU
		{DE49CAB6-FD0E-4BE8-BD24-177EB19750D1}.Debug|Any CPU.Build.0 = Debug|Any CPU
		{DE49CAB6-FD0E-4BE8-BD24-177EB19750D1}.Release|Any CPU.ActiveCfg = Release|Any CPU
		{DE49CAB6-FD0E-4BE8-BD24-177EB19750D1}.Release|Any CPU.Build.0 = Release|Any CPU
		{2F628689-3BB4-4472-A957-C32485431BA5}.Debug|Any CPU.ActiveCfg = Debug|Any CPU
		{2F628689-3BB4-4472-A957-C32485431BA5}.Debug|Any CPU.Build.0 = Debug|Any CPU
		{2F628689-3BB4-4472-A957-C32485431BA5}.Release|Any CPU.ActiveCfg = Release|Any CPU
		{2F628689-3BB4-4472-A957-C32485431BA5}.Release|Any CPU.Build.0 = Release|Any CPU
		{4A9968F0-EA46-4F60-A2BE-EA5CF016EB42}.Debug|Any CPU.ActiveCfg = Debug|Any CPU
		{4A9968F0-EA46-4F60-A2BE-EA5CF016EB42}.Debug|Any CPU.Build.0 = Debug|Any CPU
		{4A9968F0-EA46-4F60-A2BE-EA5CF016EB42}.Release|Any CPU.ActiveCfg = Release|Any CPU
		{4A9968F0-EA46-4F60-A2BE-EA5CF016EB42}.Release|Any CPU.Build.0 = Release|Any CPU
		{DF82AA56-A3F1-4BDE-8F48-8D56C1387B4C}.Debug|Any CPU.ActiveCfg = Debug|Any CPU
		{DF82AA56-A3F1-4BDE-8F48-8D56C1387B4C}.Debug|Any CPU.Build.0 = Debug|Any CPU
		{DF82AA56-A3F1-4BDE-8F48-8D56C1387B4C}.Release|Any CPU.ActiveCfg = Release|Any CPU
		{DF82AA56-A3F1-4BDE-8F48-8D56C1387B4C}.Release|Any CPU.Build.0 = Release|Any CPU
		{F0A687A7-C7F3-4099-809E-93AB7A34E47E}.Debug|Any CPU.ActiveCfg = Debug|Any CPU
		{F0A687A7-C7F3-4099-809E-93AB7A34E47E}.Debug|Any CPU.Build.0 = Debug|Any CPU
		{F0A687A7-C7F3-4099-809E-93AB7A34E47E}.Release|Any CPU.ActiveCfg = Release|Any CPU
		{F0A687A7-C7F3-4099-809E-93AB7A34E47E}.Release|Any CPU.Build.0 = Release|Any CPU
		{84C6F8B7-3EFA-472F-813B-8ECC08EC1821}.Debug|Any CPU.ActiveCfg = Debug|Any CPU
		{84C6F8B7-3EFA-472F-813B-8ECC08EC1821}.Debug|Any CPU.Build.0 = Debug|Any CPU
		{84C6F8B7-3EFA-472F-813B-8ECC08EC1821}.Release|Any CPU.ActiveCfg = Release|Any CPU
		{84C6F8B7-3EFA-472F-813B-8ECC08EC1821}.Release|Any CPU.Build.0 = Release|Any CPU
		{B621CC8A-9D43-4DEB-9C6E-91E4AAEE466C}.Debug|Any CPU.ActiveCfg = Debug|Any CPU
		{B621CC8A-9D43-4DEB-9C6E-91E4AAEE466C}.Debug|Any CPU.Build.0 = Debug|Any CPU
		{B621CC8A-9D43-4DEB-9C6E-91E4AAEE466C}.Release|Any CPU.ActiveCfg = Release|Any CPU
		{B621CC8A-9D43-4DEB-9C6E-91E4AAEE466C}.Release|Any CPU.Build.0 = Release|Any CPU
		{453D8D9B-C268-484A-90F6-82B9CD25471C}.Debug|Any CPU.ActiveCfg = Debug|Any CPU
		{453D8D9B-C268-484A-90F6-82B9CD25471C}.Debug|Any CPU.Build.0 = Debug|Any CPU
		{453D8D9B-C268-484A-90F6-82B9CD25471C}.Release|Any CPU.ActiveCfg = Release|Any CPU
		{453D8D9B-C268-484A-90F6-82B9CD25471C}.Release|Any CPU.Build.0 = Release|Any CPU
		{A04320C7-5859-44B9-8978-2B52CEFEB467}.Debug|Any CPU.ActiveCfg = Debug|Any CPU
		{A04320C7-5859-44B9-8978-2B52CEFEB467}.Debug|Any CPU.Build.0 = Debug|Any CPU
		{A04320C7-5859-44B9-8978-2B52CEFEB467}.Release|Any CPU.ActiveCfg = Release|Any CPU
		{A04320C7-5859-44B9-8978-2B52CEFEB467}.Release|Any CPU.Build.0 = Release|Any CPU
		{EF0AA87E-56CF-4BE7-8C19-C06656D9638F}.Debug|Any CPU.ActiveCfg = Debug|Any CPU
		{EF0AA87E-56CF-4BE7-8C19-C06656D9638F}.Debug|Any CPU.Build.0 = Debug|Any CPU
		{EF0AA87E-56CF-4BE7-8C19-C06656D9638F}.Release|Any CPU.ActiveCfg = Release|Any CPU
		{EF0AA87E-56CF-4BE7-8C19-C06656D9638F}.Release|Any CPU.Build.0 = Release|Any CPU
		{5177851C-557D-422C-9CFE-F4D41DB0DF65}.Debug|Any CPU.ActiveCfg = Debug|Any CPU
		{5177851C-557D-422C-9CFE-F4D41DB0DF65}.Debug|Any CPU.Build.0 = Debug|Any CPU
		{5177851C-557D-422C-9CFE-F4D41DB0DF65}.Release|Any CPU.ActiveCfg = Release|Any CPU
		{5177851C-557D-422C-9CFE-F4D41DB0DF65}.Release|Any CPU.Build.0 = Release|Any CPU
		{D55F7E42-5B5C-4704-9B98-016CD1E177B0}.Debug|Any CPU.ActiveCfg = Debug|Any CPU
		{D55F7E42-5B5C-4704-9B98-016CD1E177B0}.Debug|Any CPU.Build.0 = Debug|Any CPU
		{D55F7E42-5B5C-4704-9B98-016CD1E177B0}.Release|Any CPU.ActiveCfg = Release|Any CPU
		{D55F7E42-5B5C-4704-9B98-016CD1E177B0}.Release|Any CPU.Build.0 = Release|Any CPU
		{2C2BF609-B331-4A72-AA24-75FBFAA5A825}.Debug|Any CPU.ActiveCfg = Debug|Any CPU
		{2C2BF609-B331-4A72-AA24-75FBFAA5A825}.Debug|Any CPU.Build.0 = Debug|Any CPU
		{2C2BF609-B331-4A72-AA24-75FBFAA5A825}.Release|Any CPU.ActiveCfg = Release|Any CPU
		{2C2BF609-B331-4A72-AA24-75FBFAA5A825}.Release|Any CPU.Build.0 = Release|Any CPU
		{81BC648A-FC52-431D-886E-69A6DEB8589E}.Debug|Any CPU.ActiveCfg = Debug|Any CPU
		{81BC648A-FC52-431D-886E-69A6DEB8589E}.Debug|Any CPU.Build.0 = Debug|Any CPU
		{81BC648A-FC52-431D-886E-69A6DEB8589E}.Release|Any CPU.ActiveCfg = Release|Any CPU
		{81BC648A-FC52-431D-886E-69A6DEB8589E}.Release|Any CPU.Build.0 = Release|Any CPU
		{520B7D14-E8E8-457D-AB5D-DEE27111F6E2}.Debug|Any CPU.ActiveCfg = Debug|Any CPU
		{520B7D14-E8E8-457D-AB5D-DEE27111F6E2}.Debug|Any CPU.Build.0 = Debug|Any CPU
		{520B7D14-E8E8-457D-AB5D-DEE27111F6E2}.Release|Any CPU.ActiveCfg = Release|Any CPU
		{520B7D14-E8E8-457D-AB5D-DEE27111F6E2}.Release|Any CPU.Build.0 = Release|Any CPU
		{9F7AFE3C-71F5-4167-BDF0-269D1799949F}.Debug|Any CPU.ActiveCfg = Debug|Any CPU
		{9F7AFE3C-71F5-4167-BDF0-269D1799949F}.Debug|Any CPU.Build.0 = Debug|Any CPU
		{9F7AFE3C-71F5-4167-BDF0-269D1799949F}.Release|Any CPU.ActiveCfg = Release|Any CPU
		{9F7AFE3C-71F5-4167-BDF0-269D1799949F}.Release|Any CPU.Build.0 = Release|Any CPU
		{5DDC248F-B3E6-412A-9B8F-98440F08E2DD}.Debug|Any CPU.ActiveCfg = Debug|Any CPU
		{5DDC248F-B3E6-412A-9B8F-98440F08E2DD}.Debug|Any CPU.Build.0 = Debug|Any CPU
		{5DDC248F-B3E6-412A-9B8F-98440F08E2DD}.Release|Any CPU.ActiveCfg = Release|Any CPU
		{5DDC248F-B3E6-412A-9B8F-98440F08E2DD}.Release|Any CPU.Build.0 = Release|Any CPU
		{D0948518-FBCD-4673-9B20-DAB4E8494EDA}.Debug|Any CPU.ActiveCfg = Debug|Any CPU
		{D0948518-FBCD-4673-9B20-DAB4E8494EDA}.Debug|Any CPU.Build.0 = Debug|Any CPU
		{D0948518-FBCD-4673-9B20-DAB4E8494EDA}.Release|Any CPU.ActiveCfg = Release|Any CPU
		{D0948518-FBCD-4673-9B20-DAB4E8494EDA}.Release|Any CPU.Build.0 = Release|Any CPU
		{0156D14C-E306-457A-80DC-47A8D2103BD4}.Debug|Any CPU.ActiveCfg = Debug|Any CPU
		{0156D14C-E306-457A-80DC-47A8D2103BD4}.Debug|Any CPU.Build.0 = Debug|Any CPU
		{0156D14C-E306-457A-80DC-47A8D2103BD4}.Release|Any CPU.ActiveCfg = Release|Any CPU
		{0156D14C-E306-457A-80DC-47A8D2103BD4}.Release|Any CPU.Build.0 = Release|Any CPU
		{677F4825-87DF-4D1C-A5DC-1FF60461CBC0}.Debug|Any CPU.ActiveCfg = Debug|Any CPU
		{677F4825-87DF-4D1C-A5DC-1FF60461CBC0}.Debug|Any CPU.Build.0 = Debug|Any CPU
		{677F4825-87DF-4D1C-A5DC-1FF60461CBC0}.Release|Any CPU.ActiveCfg = Release|Any CPU
		{677F4825-87DF-4D1C-A5DC-1FF60461CBC0}.Release|Any CPU.Build.0 = Release|Any CPU
		{7569B401-F4D4-4EAE-A3C5-83192CF20A05}.Debug|Any CPU.ActiveCfg = Debug|Any CPU
		{7569B401-F4D4-4EAE-A3C5-83192CF20A05}.Debug|Any CPU.Build.0 = Debug|Any CPU
		{7569B401-F4D4-4EAE-A3C5-83192CF20A05}.Release|Any CPU.ActiveCfg = Release|Any CPU
		{7569B401-F4D4-4EAE-A3C5-83192CF20A05}.Release|Any CPU.Build.0 = Release|Any CPU
		{4AF2FF99-7879-44E4-9205-C66C53F44EFE}.Debug|Any CPU.ActiveCfg = Debug|Any CPU
		{4AF2FF99-7879-44E4-9205-C66C53F44EFE}.Debug|Any CPU.Build.0 = Debug|Any CPU
		{4AF2FF99-7879-44E4-9205-C66C53F44EFE}.Release|Any CPU.ActiveCfg = Release|Any CPU
		{4AF2FF99-7879-44E4-9205-C66C53F44EFE}.Release|Any CPU.Build.0 = Release|Any CPU
		{75AF07DA-8B46-49E1-97F2-DEB2ADC97A88}.Debug|Any CPU.ActiveCfg = Debug|Any CPU
		{75AF07DA-8B46-49E1-97F2-DEB2ADC97A88}.Debug|Any CPU.Build.0 = Debug|Any CPU
		{75AF07DA-8B46-49E1-97F2-DEB2ADC97A88}.Release|Any CPU.ActiveCfg = Release|Any CPU
		{75AF07DA-8B46-49E1-97F2-DEB2ADC97A88}.Release|Any CPU.Build.0 = Release|Any CPU
		{A3295FF5-AB51-4319-B962-41E09DC800D6}.Debug|Any CPU.ActiveCfg = Debug|Any CPU
		{A3295FF5-AB51-4319-B962-41E09DC800D6}.Debug|Any CPU.Build.0 = Debug|Any CPU
		{A3295FF5-AB51-4319-B962-41E09DC800D6}.Release|Any CPU.ActiveCfg = Release|Any CPU
		{A3295FF5-AB51-4319-B962-41E09DC800D6}.Release|Any CPU.Build.0 = Release|Any CPU
		{2F05DACC-44E9-47FC-948F-C791D4CBA1A2}.Debug|Any CPU.ActiveCfg = Debug|Any CPU
		{2F05DACC-44E9-47FC-948F-C791D4CBA1A2}.Debug|Any CPU.Build.0 = Debug|Any CPU
		{2F05DACC-44E9-47FC-948F-C791D4CBA1A2}.Release|Any CPU.ActiveCfg = Release|Any CPU
		{2F05DACC-44E9-47FC-948F-C791D4CBA1A2}.Release|Any CPU.Build.0 = Release|Any CPU
		{A8EB5280-DFA3-4115-9698-65547E5E40F9}.Debug|Any CPU.ActiveCfg = Debug|Any CPU
		{A8EB5280-DFA3-4115-9698-65547E5E40F9}.Debug|Any CPU.Build.0 = Debug|Any CPU
		{A8EB5280-DFA3-4115-9698-65547E5E40F9}.Release|Any CPU.ActiveCfg = Release|Any CPU
		{A8EB5280-DFA3-4115-9698-65547E5E40F9}.Release|Any CPU.Build.0 = Release|Any CPU
		{2420267E-9487-454F-8807-EC19C506EDE3}.Debug|Any CPU.ActiveCfg = Debug|Any CPU
		{2420267E-9487-454F-8807-EC19C506EDE3}.Debug|Any CPU.Build.0 = Debug|Any CPU
		{2420267E-9487-454F-8807-EC19C506EDE3}.Release|Any CPU.ActiveCfg = Release|Any CPU
		{2420267E-9487-454F-8807-EC19C506EDE3}.Release|Any CPU.Build.0 = Release|Any CPU
		{C4F25D8B-AAA0-4168-88BF-0E68EBDDE85C}.Debug|Any CPU.ActiveCfg = Debug|Any CPU
		{C4F25D8B-AAA0-4168-88BF-0E68EBDDE85C}.Debug|Any CPU.Build.0 = Debug|Any CPU
		{C4F25D8B-AAA0-4168-88BF-0E68EBDDE85C}.Release|Any CPU.ActiveCfg = Release|Any CPU
		{C4F25D8B-AAA0-4168-88BF-0E68EBDDE85C}.Release|Any CPU.Build.0 = Release|Any CPU
		{AF444B68-1704-4E19-8495-A63404A9C8D8}.Debug|Any CPU.ActiveCfg = Debug|Any CPU
		{AF444B68-1704-4E19-8495-A63404A9C8D8}.Debug|Any CPU.Build.0 = Debug|Any CPU
		{AF444B68-1704-4E19-8495-A63404A9C8D8}.Release|Any CPU.ActiveCfg = Release|Any CPU
		{AF444B68-1704-4E19-8495-A63404A9C8D8}.Release|Any CPU.Build.0 = Release|Any CPU
		{BD2B3495-49FB-419B-A9FB-D773683F49C9}.Debug|Any CPU.ActiveCfg = Debug|Any CPU
		{BD2B3495-49FB-419B-A9FB-D773683F49C9}.Debug|Any CPU.Build.0 = Debug|Any CPU
		{BD2B3495-49FB-419B-A9FB-D773683F49C9}.Release|Any CPU.ActiveCfg = Release|Any CPU
		{BD2B3495-49FB-419B-A9FB-D773683F49C9}.Release|Any CPU.Build.0 = Release|Any CPU
		{DB26620C-75BD-4569-8762-7ADE4E467532}.Debug|Any CPU.ActiveCfg = Debug|Any CPU
		{DB26620C-75BD-4569-8762-7ADE4E467532}.Debug|Any CPU.Build.0 = Debug|Any CPU
		{DB26620C-75BD-4569-8762-7ADE4E467532}.Release|Any CPU.ActiveCfg = Release|Any CPU
		{DB26620C-75BD-4569-8762-7ADE4E467532}.Release|Any CPU.Build.0 = Release|Any CPU
		{F0914D41-BCF7-4165-9E93-F0F541364800}.Debug|Any CPU.ActiveCfg = Debug|Any CPU
		{F0914D41-BCF7-4165-9E93-F0F541364800}.Debug|Any CPU.Build.0 = Debug|Any CPU
		{F0914D41-BCF7-4165-9E93-F0F541364800}.Release|Any CPU.ActiveCfg = Release|Any CPU
		{F0914D41-BCF7-4165-9E93-F0F541364800}.Release|Any CPU.Build.0 = Release|Any CPU
		{5CAB8C69-2F70-4421-8EC7-A7997E4D0333}.Debug|Any CPU.ActiveCfg = Debug|Any CPU
		{5CAB8C69-2F70-4421-8EC7-A7997E4D0333}.Debug|Any CPU.Build.0 = Debug|Any CPU
		{5CAB8C69-2F70-4421-8EC7-A7997E4D0333}.Release|Any CPU.ActiveCfg = Release|Any CPU
		{5CAB8C69-2F70-4421-8EC7-A7997E4D0333}.Release|Any CPU.Build.0 = Release|Any CPU
		{75431EAC-88A5-4E26-8AFE-0A451FCC9078}.Debug|Any CPU.ActiveCfg = Debug|Any CPU
		{75431EAC-88A5-4E26-8AFE-0A451FCC9078}.Debug|Any CPU.Build.0 = Debug|Any CPU
		{75431EAC-88A5-4E26-8AFE-0A451FCC9078}.Release|Any CPU.ActiveCfg = Release|Any CPU
		{75431EAC-88A5-4E26-8AFE-0A451FCC9078}.Release|Any CPU.Build.0 = Release|Any CPU
		{581FD149-BDFD-4FC4-83BC-8B8DC355D0AA}.Debug|Any CPU.ActiveCfg = Debug|Any CPU
		{581FD149-BDFD-4FC4-83BC-8B8DC355D0AA}.Debug|Any CPU.Build.0 = Debug|Any CPU
		{581FD149-BDFD-4FC4-83BC-8B8DC355D0AA}.Release|Any CPU.ActiveCfg = Release|Any CPU
		{581FD149-BDFD-4FC4-83BC-8B8DC355D0AA}.Release|Any CPU.Build.0 = Release|Any CPU
		{7E4A6A09-48ED-48D5-9FEE-24FBDA6982C0}.Debug|Any CPU.ActiveCfg = Debug|Any CPU
		{7E4A6A09-48ED-48D5-9FEE-24FBDA6982C0}.Debug|Any CPU.Build.0 = Debug|Any CPU
		{7E4A6A09-48ED-48D5-9FEE-24FBDA6982C0}.Release|Any CPU.ActiveCfg = Release|Any CPU
		{7E4A6A09-48ED-48D5-9FEE-24FBDA6982C0}.Release|Any CPU.Build.0 = Release|Any CPU
		{62010001-C6F2-4052-8AD8-16FC1C7ADD4C}.Debug|Any CPU.ActiveCfg = Debug|Any CPU
		{62010001-C6F2-4052-8AD8-16FC1C7ADD4C}.Debug|Any CPU.Build.0 = Debug|Any CPU
		{62010001-C6F2-4052-8AD8-16FC1C7ADD4C}.Release|Any CPU.ActiveCfg = Release|Any CPU
		{62010001-C6F2-4052-8AD8-16FC1C7ADD4C}.Release|Any CPU.Build.0 = Release|Any CPU
		{1D43B3FA-6AB5-4E69-8ABC-C116EF6A1168}.Debug|Any CPU.ActiveCfg = Debug|Any CPU
		{1D43B3FA-6AB5-4E69-8ABC-C116EF6A1168}.Debug|Any CPU.Build.0 = Debug|Any CPU
		{1D43B3FA-6AB5-4E69-8ABC-C116EF6A1168}.Release|Any CPU.ActiveCfg = Release|Any CPU
		{1D43B3FA-6AB5-4E69-8ABC-C116EF6A1168}.Release|Any CPU.Build.0 = Release|Any CPU
		{C1EC03D5-589E-43C5-8D15-E351B4CD3756}.Debug|Any CPU.ActiveCfg = Debug|Any CPU
		{C1EC03D5-589E-43C5-8D15-E351B4CD3756}.Debug|Any CPU.Build.0 = Debug|Any CPU
		{C1EC03D5-589E-43C5-8D15-E351B4CD3756}.Release|Any CPU.ActiveCfg = Release|Any CPU
		{C1EC03D5-589E-43C5-8D15-E351B4CD3756}.Release|Any CPU.Build.0 = Release|Any CPU
		{A145807D-2AEA-4E55-A219-FB6081BD2A72}.Debug|Any CPU.ActiveCfg = Debug|Any CPU
		{A145807D-2AEA-4E55-A219-FB6081BD2A72}.Debug|Any CPU.Build.0 = Debug|Any CPU
		{A145807D-2AEA-4E55-A219-FB6081BD2A72}.Release|Any CPU.ActiveCfg = Release|Any CPU
		{A145807D-2AEA-4E55-A219-FB6081BD2A72}.Release|Any CPU.Build.0 = Release|Any CPU
	EndGlobalSection
	GlobalSection(SolutionProperties) = preSolution
		HideSolutionNode = FALSE
	EndGlobalSection
	GlobalSection(ExtensibilityGlobals) = postSolution
		SolutionGuid = {8A1A79EE-1197-4C86-9CD6-41851E310228}
	EndGlobalSection
EndGlobal
