
Microsoft Visual Studio Solution File, Format Version 12.00
# Visual Studio Version 16
VisualStudioVersion = 16.0.31025.194
MinimumVisualStudioVersion = 10.0.40219.1
Project("{9A19103F-16F7-4668-BE54-9A1E7A4F7556}") = "40", "40\40.csproj", "{B5575341-244E-48C6-94BC-1115E71D9966}"
EndProject
Project("{9A19103F-16F7-4668-BE54-9A1E7A4F7556}") = "39", "39\39.csproj", "{661AC754-857A-43AF-804C-ED310955F9DC}"
EndProject
Project("{9A19103F-16F7-4668-BE54-9A1E7A4F7556}") = "38", "38\38.csproj", "{11A7E9F3-3D40-4D1D-886D-B7DB79403577}"
EndProject
Project("{9A19103F-16F7-4668-BE54-9A1E7A4F7556}") = "37", "37\37.csproj", "{71EFB6D1-4405-4A1A-BBBD-CAC9356CF0C6}"
EndProject
Project("{9A19103F-16F7-4668-BE54-9A1E7A4F7556}") = "42", "42\42.csproj", "{5916A230-3E32-4E05-A0C8-C7BE06984C1B}"
EndProject
Project("{9A19103F-16F7-4668-BE54-9A1E7A4F7556}") = "36", "36\36.csproj", "{AC69BCE0-FCC3-4183-92D2-3F545E84CCFF}"
EndProject
Project("{9A19103F-16F7-4668-BE54-9A1E7A4F7556}") = "35", "35\35.csproj", "{17BE9868-305A-4046-9034-6FA930B94056}"
EndProject
Project("{9A19103F-16F7-4668-BE54-9A1E7A4F7556}") = "34", "34\34.csproj", "{A9C66011-C22D-44F6-8241-894C54138BE0}"
EndProject
Project("{9A19103F-16F7-4668-BE54-9A1E7A4F7556}") = "33", "33\33.csproj", "{D4EB670B-B0DF-4EEC-93B7-ED27F09A72E5}"
EndProject
Project("{9A19103F-16F7-4668-BE54-9A1E7A4F7556}") = "32", "32\32.csproj", "{683C8D67-0F56-4EAD-998E-71D58682D139}"
EndProject
Project("{9A19103F-16F7-4668-BE54-9A1E7A4F7556}") = "31", "31\31.csproj", "{A4415663-32A4-4F70-94DD-100F6BD4288C}"
EndProject
Project("{9A19103F-16F7-4668-BE54-9A1E7A4F7556}") = "30", "30\30.csproj", "{F3722933-0A40-4061-BE1C-F749457812BD}"
EndProject
Project("{9A19103F-16F7-4668-BE54-9A1E7A4F7556}") = "28", "28\28.csproj", "{F4126C71-4CD0-43F8-9E86-31007EA8F4B4}"
EndProject
Project("{9A19103F-16F7-4668-BE54-9A1E7A4F7556}") = "27", "27\27.csproj", "{38FDF929-1EC9-46D2-887C-6F4BD33DAECD}"
EndProject
Project("{9A19103F-16F7-4668-BE54-9A1E7A4F7556}") = "26", "26\26.csproj", "{54D8D773-ABCC-44E6-9846-68D697B21BFC}"
EndProject
Project("{9A19103F-16F7-4668-BE54-9A1E7A4F7556}") = "25", "25\25.csproj", "{A12A899E-1621-43B1-A08E-6A0341EF6127}"
EndProject
Project("{9A19103F-16F7-4668-BE54-9A1E7A4F7556}") = "24", "24\24.csproj", "{D8D444F6-88F8-4D1F-9C9F-EE78206D251C}"
EndProject
Project("{9A19103F-16F7-4668-BE54-9A1E7A4F7556}") = "23", "23\23.csproj", "{08698A4C-DDDD-4EA0-BB69-F5BF958667BC}"
EndProject
Project("{9A19103F-16F7-4668-BE54-9A1E7A4F7556}") = "22", "22\22.csproj", "{9DE708BA-BA01-4021-8D48-4BAE021F3902}"
EndProject
Project("{9A19103F-16F7-4668-BE54-9A1E7A4F7556}") = "21", "21\21.csproj", "{B6B91D69-7AA8-4BFF-9159-D4B8D629DD5D}"
EndProject
Project("{9A19103F-16F7-4668-BE54-9A1E7A4F7556}") = "18", "18\18.csproj", "{83037BC0-E267-4542-BC98-5A3FFF6F599F}"
EndProject
Project("{9A19103F-16F7-4668-BE54-9A1E7A4F7556}") = "14", "14\14.csproj", "{B76B667C-D9C8-4CBF-9170-36E5B9A25E78}"
EndProject
Project("{9A19103F-16F7-4668-BE54-9A1E7A4F7556}") = "11", "11\11.csproj", "{97559C96-E2BC-4397-A10D-E8E0E7C2D66A}"
EndProject
Project("{9A19103F-16F7-4668-BE54-9A1E7A4F7556}") = "WaterMelon-4A", "WaterMelon-4A\WaterMelon-4A.csproj", "{83EE5F49-9B3A-4085-959B-428F8270B706}"
EndProject
Project("{9A19103F-16F7-4668-BE54-9A1E7A4F7556}") = "Team-231A", "Team-231A\Team-231A.csproj", "{90EEEF63-B593-4C1F-A9CF-601CCF753635}"
EndProject
Project("{9A19103F-16F7-4668-BE54-9A1E7A4F7556}") = "Way Too Long Words-71A", "Way Too Long Words-71A\Way Too Long Words-71A.csproj", "{D9F46921-6A4E-44B3-9F59-9D76C86D3ADB}"
EndProject
Project("{9A19103F-16F7-4668-BE54-9A1E7A4F7556}") = "Domino piling-50A", "Domino piling-50A\Domino piling-50A.csproj", "{595042BA-8E28-4A29-A423-EA0D260FB56E}"
EndProject
Project("{9A19103F-16F7-4668-BE54-9A1E7A4F7556}") = "Next Round-158A", "Next Round-158A\Next Round-158A.csproj", "{B50601A9-F999-4CB6-A2CB-CA31D15CFE42}"
EndProject
Project("{9A19103F-16F7-4668-BE54-9A1E7A4F7556}") = "Petya and Strings-112A", "Petya and Strings-112A\Petya and Strings-112A.csproj", "{FD9CF683-5109-41C8-AE06-25A9D2274464}"
EndProject
Project("{9A19103F-16F7-4668-BE54-9A1E7A4F7556}") = "Bit++_282A", "Bit++_282A\Bit++_282A.csproj", "{1604087B-48AE-4C89-A068-801120763180}"
EndProject
Project("{9A19103F-16F7-4668-BE54-9A1E7A4F7556}") = "Beautiful Matrix-236A", "Beautiful Matrix-236A\Beautiful Matrix-236A.csproj", "{E820035F-C0B8-42A4-813A-BE7457400C36}"
EndProject
Project("{9A19103F-16F7-4668-BE54-9A1E7A4F7556}") = "Helpful Maths-339A", "Helpful Maths-339A\Helpful Maths-339A.csproj", "{788E09B8-B72D-488A-991F-6A8755637792}"
EndProject
Project("{9A19103F-16F7-4668-BE54-9A1E7A4F7556}") = "Stones on the Table-266A", "Stones on the Table-266A\Stones on the Table-266A.csproj", "{7F3F4AA3-9879-46AB-B99F-9CACD000A74F}"
EndProject
Project("{9A19103F-16F7-4668-BE54-9A1E7A4F7556}") = "Boy or Girl-236A", "Boy or Girl-236A\Boy or Girl-236A.csproj", "{0BE46630-0725-47AC-A2D8-A68F1C358018}"
EndProject
Project("{9A19103F-16F7-4668-BE54-9A1E7A4F7556}") = "Soldier and Bananas-546A", "Soldier and Bananas-546A\Soldier and Bananas-546A.csproj", "{30823019-E8DB-4544-92AC-C51DCC001C4A}"
EndProject
Project("{9A19103F-16F7-4668-BE54-9A1E7A4F7556}") = "Theatre Square-1A", "ConsoleApp1\Theatre Square-1A.csproj", "{74CAC26F-D8B9-4802-B0E2-2FDA27B0CD55}"
EndProject
Project("{9A19103F-16F7-4668-BE54-9A1E7A4F7556}") = "Young Physicist-69A", "Young Physicist-69A\Young Physicist-69A.csproj", "{20098D31-1399-4D42-80D7-DA2260115DF4}"
EndProject
Project("{9A19103F-16F7-4668-BE54-9A1E7A4F7556}") = "Elephant-617A", "Elephant-617A\Elephant-617A.csproj", "{3C46A220-DC7A-4F12-B2AF-CEA04BB3DF85}"
EndProject
Project("{9A19103F-16F7-4668-BE54-9A1E7A4F7556}") = "Word-59A", "Word-59A\Word-59A.csproj", "{98C5B0D0-F12F-477F-9C26-F9C313DB2CA8}"
EndProject
Project("{9A19103F-16F7-4668-BE54-9A1E7A4F7556}") = "Tram-116A", "Tram-116A\Tram-116A.csproj", "{A0AAA5F6-9685-471A-BD4E-8481F738484C}"
EndProject
Project("{9A19103F-16F7-4668-BE54-9A1E7A4F7556}") = "Beatiful year-271A", "Brute-force-271A\Beatiful year-271A.csproj", "{FA42FE06-8FD3-4575-A4C8-FA5118EA9F36}"
EndProject
Project("{9A19103F-16F7-4668-BE54-9A1E7A4F7556}") = "Anton and Danik -734A", "UVA PRBLM\Anton and Danik -734A.csproj", "{A9DDBB68-8A9A-4277-98C6-2D5592BD38AF}"
EndProject
Project("{9A19103F-16F7-4668-BE54-9A1E7A4F7556}") = "Translation-41A", "Translation-41A\Translation-41A.csproj", "{3FB4A3C6-7912-40A4-BD53-BEDFB0A7BF20}"
EndProject
Project("{9A19103F-16F7-4668-BE54-9A1E7A4F7556}") = "Nearly Lucky Number-110A", "Nearly Lucky Number-110A\Nearly Lucky Number-110A.csproj", "{37129009-631C-42C0-A21A-9B69273ABE7C}"
EndProject
Project("{9A19103F-16F7-4668-BE54-9A1E7A4F7556}") = "Queue at the School-266A", "Queue at the School-266A\Queue at the School-266A.csproj", "{72E8747B-8EA4-46D0-A475-339D654CE0E9}"
EndProject
Project("{9A19103F-16F7-4668-BE54-9A1E7A4F7556}") = "In Search of an Easy Problem-1030A", "In Search of an Easy Problem-1030A\In Search of an Easy Problem-1030A.csproj", "{9F77BD6D-8864-45D9-BFE6-8365E6901204}"
EndProject
Project("{9A19103F-16F7-4668-BE54-9A1E7A4F7556}") = "Magnets-344A", "Magnets-344A\Magnets-344A.csproj", "{7400FF12-3967-4BC1-8CAC-C26F2FC2E828}"
EndProject
Project("{9A19103F-16F7-4668-BE54-9A1E7A4F7556}") = "George and Accommodation-467A", "George and Accommodation-467A\George and Accommodation-467A.csproj", "{03164F50-EC3A-4C93-B0C9-3D4C775F6B95}"
EndProject
Project("{9A19103F-16F7-4668-BE54-9A1E7A4F7556}") = "Vanya and Fence-677A", "Vanya and Fence-677A\Vanya and Fence-677A.csproj", "{D3951ABF-440E-49BF-A523-1B4DC429ED27}"
EndProject
Project("{9A19103F-16F7-4668-BE54-9A1E7A4F7556}") = "Hulk-705A", "Hulk-705A\Hulk-705A.csproj", "{13922850-6819-4E31-86E2-3A94D1AA1D51}"
EndProject
Project("{9A19103F-16F7-4668-BE54-9A1E7A4F7556}") = "Calculating Function-486A", "Calculating Function-486A\Calculating Function-486A.csproj", "{E03304EE-88AB-484D-B071-A82B81A8130F}"
EndProject
Project("{9A19103F-16F7-4668-BE54-9A1E7A4F7556}") = "I Wanna Be the Guy-469A", "I Wanna Be the Guy-469A\I Wanna Be the Guy-469A.csproj", "{01CAEB76-FD44-4A20-ABD3-591A8741E456}"
EndProject
Project("{9A19103F-16F7-4668-BE54-9A1E7A4F7556}") = "Presents-136A", "Presents-136A\Presents-136A.csproj", "{2E7E5859-38D7-4EF1-9598-01D8CCFEFF6D}"
EndProject
Project("{9A19103F-16F7-4668-BE54-9A1E7A4F7556}") = "Insomnia cure-148A", "Insomnia cure-148A\Insomnia cure-148A.csproj", "{844042D2-EF2C-496B-A858-ED4DFB06F2E6}"
EndProject
Project("{9A19103F-16F7-4668-BE54-9A1E7A4F7556}") = "Chat room=58A", "Chat room=58A\Chat room=58A.csproj", "{FBB8F171-BB72-46A6-A57B-07886DCC4682}"
EndProject
Project("{9A19103F-16F7-4668-BE54-9A1E7A4F7556}") = "IQ test-25A", "IQ test-25A\IQ test-25A.csproj", "{7B7234C1-C7D9-4871-89CF-AA030AC2D33E}"
EndProject
Project("{9A19103F-16F7-4668-BE54-9A1E7A4F7556}") = "Ultra-Fast Mathematician-61A", "Ultra-Fast Mathematician-61A\Ultra-Fast Mathematician-61A.csproj", "{E2A640D2-D654-424B-B6B7-337D128414C1}"
EndProject
Project("{9A19103F-16F7-4668-BE54-9A1E7A4F7556}") = "Drinks-200B", "Drinks-200B\Drinks-200B.csproj", "{F267B635-9C1E-48F7-9456-233585213D77}"
EndProject
Project("{9A19103F-16F7-4668-BE54-9A1E7A4F7556}") = "Is your horseshoe on the other hoof-228A", "Is your horseshoe on the other hoof-228A\Is your horseshoe on the other hoof-228A.csproj", "{8A34150B-59EB-4E60-A9E4-48D3105FCBF7}"
EndProject
Project("{9A19103F-16F7-4668-BE54-9A1E7A4F7556}") = "codeforces", "codeforces\codeforces.csproj", "{9D1A1847-0072-4A66-AB9A-46514EE122F1}"
EndProject
Project("{FAE04EC0-301F-11D3-BF4B-00C04F79EFBC}") = "Anton and Letters-443A", "Anton and Letters-443A\Anton and Letters-443A.csproj", "{2991A736-87E6-4406-B26B-B89BD79619E0}"
EndProject
Global
	GlobalSection(SolutionConfigurationPlatforms) = preSolution
		Debug|Any CPU = Debug|Any CPU
		Release|Any CPU = Release|Any CPU
	EndGlobalSection
	GlobalSection(ProjectConfigurationPlatforms) = postSolution
		{B5575341-244E-48C6-94BC-1115E71D9966}.Debug|Any CPU.ActiveCfg = Debug|Any CPU
		{B5575341-244E-48C6-94BC-1115E71D9966}.Debug|Any CPU.Build.0 = Debug|Any CPU
		{B5575341-244E-48C6-94BC-1115E71D9966}.Release|Any CPU.ActiveCfg = Release|Any CPU
		{B5575341-244E-48C6-94BC-1115E71D9966}.Release|Any CPU.Build.0 = Release|Any CPU
		{661AC754-857A-43AF-804C-ED310955F9DC}.Debug|Any CPU.ActiveCfg = Debug|Any CPU
		{661AC754-857A-43AF-804C-ED310955F9DC}.Debug|Any CPU.Build.0 = Debug|Any CPU
		{661AC754-857A-43AF-804C-ED310955F9DC}.Release|Any CPU.ActiveCfg = Release|Any CPU
		{661AC754-857A-43AF-804C-ED310955F9DC}.Release|Any CPU.Build.0 = Release|Any CPU
		{11A7E9F3-3D40-4D1D-886D-B7DB79403577}.Debug|Any CPU.ActiveCfg = Debug|Any CPU
		{11A7E9F3-3D40-4D1D-886D-B7DB79403577}.Debug|Any CPU.Build.0 = Debug|Any CPU
		{11A7E9F3-3D40-4D1D-886D-B7DB79403577}.Release|Any CPU.ActiveCfg = Release|Any CPU
		{11A7E9F3-3D40-4D1D-886D-B7DB79403577}.Release|Any CPU.Build.0 = Release|Any CPU
		{71EFB6D1-4405-4A1A-BBBD-CAC9356CF0C6}.Debug|Any CPU.ActiveCfg = Debug|Any CPU
		{71EFB6D1-4405-4A1A-BBBD-CAC9356CF0C6}.Debug|Any CPU.Build.0 = Debug|Any CPU
		{71EFB6D1-4405-4A1A-BBBD-CAC9356CF0C6}.Release|Any CPU.ActiveCfg = Release|Any CPU
		{71EFB6D1-4405-4A1A-BBBD-CAC9356CF0C6}.Release|Any CPU.Build.0 = Release|Any CPU
		{5916A230-3E32-4E05-A0C8-C7BE06984C1B}.Debug|Any CPU.ActiveCfg = Debug|Any CPU
		{5916A230-3E32-4E05-A0C8-C7BE06984C1B}.Debug|Any CPU.Build.0 = Debug|Any CPU
		{5916A230-3E32-4E05-A0C8-C7BE06984C1B}.Release|Any CPU.ActiveCfg = Release|Any CPU
		{5916A230-3E32-4E05-A0C8-C7BE06984C1B}.Release|Any CPU.Build.0 = Release|Any CPU
		{AC69BCE0-FCC3-4183-92D2-3F545E84CCFF}.Debug|Any CPU.ActiveCfg = Debug|Any CPU
		{AC69BCE0-FCC3-4183-92D2-3F545E84CCFF}.Debug|Any CPU.Build.0 = Debug|Any CPU
		{AC69BCE0-FCC3-4183-92D2-3F545E84CCFF}.Release|Any CPU.ActiveCfg = Release|Any CPU
		{AC69BCE0-FCC3-4183-92D2-3F545E84CCFF}.Release|Any CPU.Build.0 = Release|Any CPU
		{17BE9868-305A-4046-9034-6FA930B94056}.Debug|Any CPU.ActiveCfg = Debug|Any CPU
		{17BE9868-305A-4046-9034-6FA930B94056}.Debug|Any CPU.Build.0 = Debug|Any CPU
		{17BE9868-305A-4046-9034-6FA930B94056}.Release|Any CPU.ActiveCfg = Release|Any CPU
		{17BE9868-305A-4046-9034-6FA930B94056}.Release|Any CPU.Build.0 = Release|Any CPU
		{A9C66011-C22D-44F6-8241-894C54138BE0}.Debug|Any CPU.ActiveCfg = Debug|Any CPU
		{A9C66011-C22D-44F6-8241-894C54138BE0}.Debug|Any CPU.Build.0 = Debug|Any CPU
		{A9C66011-C22D-44F6-8241-894C54138BE0}.Release|Any CPU.ActiveCfg = Release|Any CPU
		{A9C66011-C22D-44F6-8241-894C54138BE0}.Release|Any CPU.Build.0 = Release|Any CPU
		{D4EB670B-B0DF-4EEC-93B7-ED27F09A72E5}.Debug|Any CPU.ActiveCfg = Debug|Any CPU
		{D4EB670B-B0DF-4EEC-93B7-ED27F09A72E5}.Debug|Any CPU.Build.0 = Debug|Any CPU
		{D4EB670B-B0DF-4EEC-93B7-ED27F09A72E5}.Release|Any CPU.ActiveCfg = Release|Any CPU
		{D4EB670B-B0DF-4EEC-93B7-ED27F09A72E5}.Release|Any CPU.Build.0 = Release|Any CPU
		{683C8D67-0F56-4EAD-998E-71D58682D139}.Debug|Any CPU.ActiveCfg = Debug|Any CPU
		{683C8D67-0F56-4EAD-998E-71D58682D139}.Debug|Any CPU.Build.0 = Debug|Any CPU
		{683C8D67-0F56-4EAD-998E-71D58682D139}.Release|Any CPU.ActiveCfg = Release|Any CPU
		{683C8D67-0F56-4EAD-998E-71D58682D139}.Release|Any CPU.Build.0 = Release|Any CPU
		{A4415663-32A4-4F70-94DD-100F6BD4288C}.Debug|Any CPU.ActiveCfg = Debug|Any CPU
		{A4415663-32A4-4F70-94DD-100F6BD4288C}.Debug|Any CPU.Build.0 = Debug|Any CPU
		{A4415663-32A4-4F70-94DD-100F6BD4288C}.Release|Any CPU.ActiveCfg = Release|Any CPU
		{A4415663-32A4-4F70-94DD-100F6BD4288C}.Release|Any CPU.Build.0 = Release|Any CPU
		{F3722933-0A40-4061-BE1C-F749457812BD}.Debug|Any CPU.ActiveCfg = Debug|Any CPU
		{F3722933-0A40-4061-BE1C-F749457812BD}.Debug|Any CPU.Build.0 = Debug|Any CPU
		{F3722933-0A40-4061-BE1C-F749457812BD}.Release|Any CPU.ActiveCfg = Release|Any CPU
		{F3722933-0A40-4061-BE1C-F749457812BD}.Release|Any CPU.Build.0 = Release|Any CPU
		{F4126C71-4CD0-43F8-9E86-31007EA8F4B4}.Debug|Any CPU.ActiveCfg = Debug|Any CPU
		{F4126C71-4CD0-43F8-9E86-31007EA8F4B4}.Debug|Any CPU.Build.0 = Debug|Any CPU
		{F4126C71-4CD0-43F8-9E86-31007EA8F4B4}.Release|Any CPU.ActiveCfg = Release|Any CPU
		{F4126C71-4CD0-43F8-9E86-31007EA8F4B4}.Release|Any CPU.Build.0 = Release|Any CPU
		{38FDF929-1EC9-46D2-887C-6F4BD33DAECD}.Debug|Any CPU.ActiveCfg = Debug|Any CPU
		{38FDF929-1EC9-46D2-887C-6F4BD33DAECD}.Debug|Any CPU.Build.0 = Debug|Any CPU
		{38FDF929-1EC9-46D2-887C-6F4BD33DAECD}.Release|Any CPU.ActiveCfg = Release|Any CPU
		{38FDF929-1EC9-46D2-887C-6F4BD33DAECD}.Release|Any CPU.Build.0 = Release|Any CPU
		{54D8D773-ABCC-44E6-9846-68D697B21BFC}.Debug|Any CPU.ActiveCfg = Debug|Any CPU
		{54D8D773-ABCC-44E6-9846-68D697B21BFC}.Debug|Any CPU.Build.0 = Debug|Any CPU
		{54D8D773-ABCC-44E6-9846-68D697B21BFC}.Release|Any CPU.ActiveCfg = Release|Any CPU
		{54D8D773-ABCC-44E6-9846-68D697B21BFC}.Release|Any CPU.Build.0 = Release|Any CPU
		{A12A899E-1621-43B1-A08E-6A0341EF6127}.Debug|Any CPU.ActiveCfg = Debug|Any CPU
		{A12A899E-1621-43B1-A08E-6A0341EF6127}.Debug|Any CPU.Build.0 = Debug|Any CPU
		{A12A899E-1621-43B1-A08E-6A0341EF6127}.Release|Any CPU.ActiveCfg = Release|Any CPU
		{A12A899E-1621-43B1-A08E-6A0341EF6127}.Release|Any CPU.Build.0 = Release|Any CPU
		{D8D444F6-88F8-4D1F-9C9F-EE78206D251C}.Debug|Any CPU.ActiveCfg = Debug|Any CPU
		{D8D444F6-88F8-4D1F-9C9F-EE78206D251C}.Debug|Any CPU.Build.0 = Debug|Any CPU
		{D8D444F6-88F8-4D1F-9C9F-EE78206D251C}.Release|Any CPU.ActiveCfg = Release|Any CPU
		{D8D444F6-88F8-4D1F-9C9F-EE78206D251C}.Release|Any CPU.Build.0 = Release|Any CPU
		{08698A4C-DDDD-4EA0-BB69-F5BF958667BC}.Debug|Any CPU.ActiveCfg = Debug|Any CPU
		{08698A4C-DDDD-4EA0-BB69-F5BF958667BC}.Debug|Any CPU.Build.0 = Debug|Any CPU
		{08698A4C-DDDD-4EA0-BB69-F5BF958667BC}.Release|Any CPU.ActiveCfg = Release|Any CPU
		{08698A4C-DDDD-4EA0-BB69-F5BF958667BC}.Release|Any CPU.Build.0 = Release|Any CPU
		{9DE708BA-BA01-4021-8D48-4BAE021F3902}.Debug|Any CPU.ActiveCfg = Debug|Any CPU
		{9DE708BA-BA01-4021-8D48-4BAE021F3902}.Debug|Any CPU.Build.0 = Debug|Any CPU
		{9DE708BA-BA01-4021-8D48-4BAE021F3902}.Release|Any CPU.ActiveCfg = Release|Any CPU
		{9DE708BA-BA01-4021-8D48-4BAE021F3902}.Release|Any CPU.Build.0 = Release|Any CPU
		{B6B91D69-7AA8-4BFF-9159-D4B8D629DD5D}.Debug|Any CPU.ActiveCfg = Debug|Any CPU
		{B6B91D69-7AA8-4BFF-9159-D4B8D629DD5D}.Debug|Any CPU.Build.0 = Debug|Any CPU
		{B6B91D69-7AA8-4BFF-9159-D4B8D629DD5D}.Release|Any CPU.ActiveCfg = Release|Any CPU
		{B6B91D69-7AA8-4BFF-9159-D4B8D629DD5D}.Release|Any CPU.Build.0 = Release|Any CPU
		{83037BC0-E267-4542-BC98-5A3FFF6F599F}.Debug|Any CPU.ActiveCfg = Debug|Any CPU
		{83037BC0-E267-4542-BC98-5A3FFF6F599F}.Debug|Any CPU.Build.0 = Debug|Any CPU
		{83037BC0-E267-4542-BC98-5A3FFF6F599F}.Release|Any CPU.ActiveCfg = Release|Any CPU
		{83037BC0-E267-4542-BC98-5A3FFF6F599F}.Release|Any CPU.Build.0 = Release|Any CPU
		{B76B667C-D9C8-4CBF-9170-36E5B9A25E78}.Debug|Any CPU.ActiveCfg = Debug|Any CPU
		{B76B667C-D9C8-4CBF-9170-36E5B9A25E78}.Debug|Any CPU.Build.0 = Debug|Any CPU
		{B76B667C-D9C8-4CBF-9170-36E5B9A25E78}.Release|Any CPU.ActiveCfg = Release|Any CPU
		{B76B667C-D9C8-4CBF-9170-36E5B9A25E78}.Release|Any CPU.Build.0 = Release|Any CPU
		{97559C96-E2BC-4397-A10D-E8E0E7C2D66A}.Debug|Any CPU.ActiveCfg = Debug|Any CPU
		{97559C96-E2BC-4397-A10D-E8E0E7C2D66A}.Debug|Any CPU.Build.0 = Debug|Any CPU
		{97559C96-E2BC-4397-A10D-E8E0E7C2D66A}.Release|Any CPU.ActiveCfg = Release|Any CPU
		{97559C96-E2BC-4397-A10D-E8E0E7C2D66A}.Release|Any CPU.Build.0 = Release|Any CPU
		{83EE5F49-9B3A-4085-959B-428F8270B706}.Debug|Any CPU.ActiveCfg = Debug|Any CPU
		{83EE5F49-9B3A-4085-959B-428F8270B706}.Debug|Any CPU.Build.0 = Debug|Any CPU
		{83EE5F49-9B3A-4085-959B-428F8270B706}.Release|Any CPU.ActiveCfg = Release|Any CPU
		{83EE5F49-9B3A-4085-959B-428F8270B706}.Release|Any CPU.Build.0 = Release|Any CPU
		{90EEEF63-B593-4C1F-A9CF-601CCF753635}.Debug|Any CPU.ActiveCfg = Debug|Any CPU
		{90EEEF63-B593-4C1F-A9CF-601CCF753635}.Debug|Any CPU.Build.0 = Debug|Any CPU
		{90EEEF63-B593-4C1F-A9CF-601CCF753635}.Release|Any CPU.ActiveCfg = Release|Any CPU
		{90EEEF63-B593-4C1F-A9CF-601CCF753635}.Release|Any CPU.Build.0 = Release|Any CPU
		{D9F46921-6A4E-44B3-9F59-9D76C86D3ADB}.Debug|Any CPU.ActiveCfg = Debug|Any CPU
		{D9F46921-6A4E-44B3-9F59-9D76C86D3ADB}.Debug|Any CPU.Build.0 = Debug|Any CPU
		{D9F46921-6A4E-44B3-9F59-9D76C86D3ADB}.Release|Any CPU.ActiveCfg = Release|Any CPU
		{D9F46921-6A4E-44B3-9F59-9D76C86D3ADB}.Release|Any CPU.Build.0 = Release|Any CPU
		{595042BA-8E28-4A29-A423-EA0D260FB56E}.Debug|Any CPU.ActiveCfg = Debug|Any CPU
		{595042BA-8E28-4A29-A423-EA0D260FB56E}.Debug|Any CPU.Build.0 = Debug|Any CPU
		{595042BA-8E28-4A29-A423-EA0D260FB56E}.Release|Any CPU.ActiveCfg = Release|Any CPU
		{595042BA-8E28-4A29-A423-EA0D260FB56E}.Release|Any CPU.Build.0 = Release|Any CPU
		{B50601A9-F999-4CB6-A2CB-CA31D15CFE42}.Debug|Any CPU.ActiveCfg = Debug|Any CPU
		{B50601A9-F999-4CB6-A2CB-CA31D15CFE42}.Debug|Any CPU.Build.0 = Debug|Any CPU
		{B50601A9-F999-4CB6-A2CB-CA31D15CFE42}.Release|Any CPU.ActiveCfg = Release|Any CPU
		{B50601A9-F999-4CB6-A2CB-CA31D15CFE42}.Release|Any CPU.Build.0 = Release|Any CPU
		{FD9CF683-5109-41C8-AE06-25A9D2274464}.Debug|Any CPU.ActiveCfg = Debug|Any CPU
		{FD9CF683-5109-41C8-AE06-25A9D2274464}.Debug|Any CPU.Build.0 = Debug|Any CPU
		{FD9CF683-5109-41C8-AE06-25A9D2274464}.Release|Any CPU.ActiveCfg = Release|Any CPU
		{FD9CF683-5109-41C8-AE06-25A9D2274464}.Release|Any CPU.Build.0 = Release|Any CPU
		{1604087B-48AE-4C89-A068-801120763180}.Debug|Any CPU.ActiveCfg = Debug|Any CPU
		{1604087B-48AE-4C89-A068-801120763180}.Debug|Any CPU.Build.0 = Debug|Any CPU
		{1604087B-48AE-4C89-A068-801120763180}.Release|Any CPU.ActiveCfg = Release|Any CPU
		{1604087B-48AE-4C89-A068-801120763180}.Release|Any CPU.Build.0 = Release|Any CPU
		{E820035F-C0B8-42A4-813A-BE7457400C36}.Debug|Any CPU.ActiveCfg = Debug|Any CPU
		{E820035F-C0B8-42A4-813A-BE7457400C36}.Debug|Any CPU.Build.0 = Debug|Any CPU
		{E820035F-C0B8-42A4-813A-BE7457400C36}.Release|Any CPU.ActiveCfg = Release|Any CPU
		{E820035F-C0B8-42A4-813A-BE7457400C36}.Release|Any CPU.Build.0 = Release|Any CPU
		{788E09B8-B72D-488A-991F-6A8755637792}.Debug|Any CPU.ActiveCfg = Debug|Any CPU
		{788E09B8-B72D-488A-991F-6A8755637792}.Debug|Any CPU.Build.0 = Debug|Any CPU
		{788E09B8-B72D-488A-991F-6A8755637792}.Release|Any CPU.ActiveCfg = Release|Any CPU
		{788E09B8-B72D-488A-991F-6A8755637792}.Release|Any CPU.Build.0 = Release|Any CPU
		{7F3F4AA3-9879-46AB-B99F-9CACD000A74F}.Debug|Any CPU.ActiveCfg = Debug|Any CPU
		{7F3F4AA3-9879-46AB-B99F-9CACD000A74F}.Debug|Any CPU.Build.0 = Debug|Any CPU
		{7F3F4AA3-9879-46AB-B99F-9CACD000A74F}.Release|Any CPU.ActiveCfg = Release|Any CPU
		{7F3F4AA3-9879-46AB-B99F-9CACD000A74F}.Release|Any CPU.Build.0 = Release|Any CPU
		{0BE46630-0725-47AC-A2D8-A68F1C358018}.Debug|Any CPU.ActiveCfg = Debug|Any CPU
		{0BE46630-0725-47AC-A2D8-A68F1C358018}.Debug|Any CPU.Build.0 = Debug|Any CPU
		{0BE46630-0725-47AC-A2D8-A68F1C358018}.Release|Any CPU.ActiveCfg = Release|Any CPU
		{0BE46630-0725-47AC-A2D8-A68F1C358018}.Release|Any CPU.Build.0 = Release|Any CPU
		{30823019-E8DB-4544-92AC-C51DCC001C4A}.Debug|Any CPU.ActiveCfg = Debug|Any CPU
		{30823019-E8DB-4544-92AC-C51DCC001C4A}.Debug|Any CPU.Build.0 = Debug|Any CPU
		{30823019-E8DB-4544-92AC-C51DCC001C4A}.Release|Any CPU.ActiveCfg = Release|Any CPU
		{30823019-E8DB-4544-92AC-C51DCC001C4A}.Release|Any CPU.Build.0 = Release|Any CPU
		{74CAC26F-D8B9-4802-B0E2-2FDA27B0CD55}.Debug|Any CPU.ActiveCfg = Debug|Any CPU
		{74CAC26F-D8B9-4802-B0E2-2FDA27B0CD55}.Debug|Any CPU.Build.0 = Debug|Any CPU
		{74CAC26F-D8B9-4802-B0E2-2FDA27B0CD55}.Release|Any CPU.ActiveCfg = Release|Any CPU
		{74CAC26F-D8B9-4802-B0E2-2FDA27B0CD55}.Release|Any CPU.Build.0 = Release|Any CPU
		{20098D31-1399-4D42-80D7-DA2260115DF4}.Debug|Any CPU.ActiveCfg = Debug|Any CPU
		{20098D31-1399-4D42-80D7-DA2260115DF4}.Debug|Any CPU.Build.0 = Debug|Any CPU
		{20098D31-1399-4D42-80D7-DA2260115DF4}.Release|Any CPU.ActiveCfg = Release|Any CPU
		{20098D31-1399-4D42-80D7-DA2260115DF4}.Release|Any CPU.Build.0 = Release|Any CPU
		{3C46A220-DC7A-4F12-B2AF-CEA04BB3DF85}.Debug|Any CPU.ActiveCfg = Debug|Any CPU
		{3C46A220-DC7A-4F12-B2AF-CEA04BB3DF85}.Debug|Any CPU.Build.0 = Debug|Any CPU
		{3C46A220-DC7A-4F12-B2AF-CEA04BB3DF85}.Release|Any CPU.ActiveCfg = Release|Any CPU
		{3C46A220-DC7A-4F12-B2AF-CEA04BB3DF85}.Release|Any CPU.Build.0 = Release|Any CPU
		{98C5B0D0-F12F-477F-9C26-F9C313DB2CA8}.Debug|Any CPU.ActiveCfg = Debug|Any CPU
		{98C5B0D0-F12F-477F-9C26-F9C313DB2CA8}.Debug|Any CPU.Build.0 = Debug|Any CPU
		{98C5B0D0-F12F-477F-9C26-F9C313DB2CA8}.Release|Any CPU.ActiveCfg = Release|Any CPU
		{98C5B0D0-F12F-477F-9C26-F9C313DB2CA8}.Release|Any CPU.Build.0 = Release|Any CPU
		{A0AAA5F6-9685-471A-BD4E-8481F738484C}.Debug|Any CPU.ActiveCfg = Debug|Any CPU
		{A0AAA5F6-9685-471A-BD4E-8481F738484C}.Debug|Any CPU.Build.0 = Debug|Any CPU
		{A0AAA5F6-9685-471A-BD4E-8481F738484C}.Release|Any CPU.ActiveCfg = Release|Any CPU
		{A0AAA5F6-9685-471A-BD4E-8481F738484C}.Release|Any CPU.Build.0 = Release|Any CPU
		{FA42FE06-8FD3-4575-A4C8-FA5118EA9F36}.Debug|Any CPU.ActiveCfg = Debug|Any CPU
		{FA42FE06-8FD3-4575-A4C8-FA5118EA9F36}.Debug|Any CPU.Build.0 = Debug|Any CPU
		{FA42FE06-8FD3-4575-A4C8-FA5118EA9F36}.Release|Any CPU.ActiveCfg = Release|Any CPU
		{FA42FE06-8FD3-4575-A4C8-FA5118EA9F36}.Release|Any CPU.Build.0 = Release|Any CPU
		{A9DDBB68-8A9A-4277-98C6-2D5592BD38AF}.Debug|Any CPU.ActiveCfg = Debug|Any CPU
		{A9DDBB68-8A9A-4277-98C6-2D5592BD38AF}.Debug|Any CPU.Build.0 = Debug|Any CPU
		{A9DDBB68-8A9A-4277-98C6-2D5592BD38AF}.Release|Any CPU.ActiveCfg = Release|Any CPU
		{A9DDBB68-8A9A-4277-98C6-2D5592BD38AF}.Release|Any CPU.Build.0 = Release|Any CPU
		{3FB4A3C6-7912-40A4-BD53-BEDFB0A7BF20}.Debug|Any CPU.ActiveCfg = Debug|Any CPU
		{3FB4A3C6-7912-40A4-BD53-BEDFB0A7BF20}.Debug|Any CPU.Build.0 = Debug|Any CPU
		{3FB4A3C6-7912-40A4-BD53-BEDFB0A7BF20}.Release|Any CPU.ActiveCfg = Release|Any CPU
		{3FB4A3C6-7912-40A4-BD53-BEDFB0A7BF20}.Release|Any CPU.Build.0 = Release|Any CPU
		{37129009-631C-42C0-A21A-9B69273ABE7C}.Debug|Any CPU.ActiveCfg = Debug|Any CPU
		{37129009-631C-42C0-A21A-9B69273ABE7C}.Debug|Any CPU.Build.0 = Debug|Any CPU
		{37129009-631C-42C0-A21A-9B69273ABE7C}.Release|Any CPU.ActiveCfg = Release|Any CPU
		{37129009-631C-42C0-A21A-9B69273ABE7C}.Release|Any CPU.Build.0 = Release|Any CPU
		{72E8747B-8EA4-46D0-A475-339D654CE0E9}.Debug|Any CPU.ActiveCfg = Debug|Any CPU
		{72E8747B-8EA4-46D0-A475-339D654CE0E9}.Debug|Any CPU.Build.0 = Debug|Any CPU
		{72E8747B-8EA4-46D0-A475-339D654CE0E9}.Release|Any CPU.ActiveCfg = Release|Any CPU
		{72E8747B-8EA4-46D0-A475-339D654CE0E9}.Release|Any CPU.Build.0 = Release|Any CPU
		{9F77BD6D-8864-45D9-BFE6-8365E6901204}.Debug|Any CPU.ActiveCfg = Debug|Any CPU
		{9F77BD6D-8864-45D9-BFE6-8365E6901204}.Debug|Any CPU.Build.0 = Debug|Any CPU
		{9F77BD6D-8864-45D9-BFE6-8365E6901204}.Release|Any CPU.ActiveCfg = Release|Any CPU
		{9F77BD6D-8864-45D9-BFE6-8365E6901204}.Release|Any CPU.Build.0 = Release|Any CPU
		{7400FF12-3967-4BC1-8CAC-C26F2FC2E828}.Debug|Any CPU.ActiveCfg = Debug|Any CPU
		{7400FF12-3967-4BC1-8CAC-C26F2FC2E828}.Debug|Any CPU.Build.0 = Debug|Any CPU
		{7400FF12-3967-4BC1-8CAC-C26F2FC2E828}.Release|Any CPU.ActiveCfg = Release|Any CPU
		{7400FF12-3967-4BC1-8CAC-C26F2FC2E828}.Release|Any CPU.Build.0 = Release|Any CPU
		{03164F50-EC3A-4C93-B0C9-3D4C775F6B95}.Debug|Any CPU.ActiveCfg = Debug|Any CPU
		{03164F50-EC3A-4C93-B0C9-3D4C775F6B95}.Debug|Any CPU.Build.0 = Debug|Any CPU
		{03164F50-EC3A-4C93-B0C9-3D4C775F6B95}.Release|Any CPU.ActiveCfg = Release|Any CPU
		{03164F50-EC3A-4C93-B0C9-3D4C775F6B95}.Release|Any CPU.Build.0 = Release|Any CPU
		{D3951ABF-440E-49BF-A523-1B4DC429ED27}.Debug|Any CPU.ActiveCfg = Debug|Any CPU
		{D3951ABF-440E-49BF-A523-1B4DC429ED27}.Debug|Any CPU.Build.0 = Debug|Any CPU
		{D3951ABF-440E-49BF-A523-1B4DC429ED27}.Release|Any CPU.ActiveCfg = Release|Any CPU
		{D3951ABF-440E-49BF-A523-1B4DC429ED27}.Release|Any CPU.Build.0 = Release|Any CPU
		{13922850-6819-4E31-86E2-3A94D1AA1D51}.Debug|Any CPU.ActiveCfg = Debug|Any CPU
		{13922850-6819-4E31-86E2-3A94D1AA1D51}.Debug|Any CPU.Build.0 = Debug|Any CPU
		{13922850-6819-4E31-86E2-3A94D1AA1D51}.Release|Any CPU.ActiveCfg = Release|Any CPU
		{13922850-6819-4E31-86E2-3A94D1AA1D51}.Release|Any CPU.Build.0 = Release|Any CPU
		{E03304EE-88AB-484D-B071-A82B81A8130F}.Debug|Any CPU.ActiveCfg = Debug|Any CPU
		{E03304EE-88AB-484D-B071-A82B81A8130F}.Debug|Any CPU.Build.0 = Debug|Any CPU
		{E03304EE-88AB-484D-B071-A82B81A8130F}.Release|Any CPU.ActiveCfg = Release|Any CPU
		{E03304EE-88AB-484D-B071-A82B81A8130F}.Release|Any CPU.Build.0 = Release|Any CPU
		{01CAEB76-FD44-4A20-ABD3-591A8741E456}.Debug|Any CPU.ActiveCfg = Debug|Any CPU
		{01CAEB76-FD44-4A20-ABD3-591A8741E456}.Debug|Any CPU.Build.0 = Debug|Any CPU
		{01CAEB76-FD44-4A20-ABD3-591A8741E456}.Release|Any CPU.ActiveCfg = Release|Any CPU
		{01CAEB76-FD44-4A20-ABD3-591A8741E456}.Release|Any CPU.Build.0 = Release|Any CPU
		{2E7E5859-38D7-4EF1-9598-01D8CCFEFF6D}.Debug|Any CPU.ActiveCfg = Debug|Any CPU
		{2E7E5859-38D7-4EF1-9598-01D8CCFEFF6D}.Debug|Any CPU.Build.0 = Debug|Any CPU
		{2E7E5859-38D7-4EF1-9598-01D8CCFEFF6D}.Release|Any CPU.ActiveCfg = Release|Any CPU
		{2E7E5859-38D7-4EF1-9598-01D8CCFEFF6D}.Release|Any CPU.Build.0 = Release|Any CPU
		{844042D2-EF2C-496B-A858-ED4DFB06F2E6}.Debug|Any CPU.ActiveCfg = Debug|Any CPU
		{844042D2-EF2C-496B-A858-ED4DFB06F2E6}.Debug|Any CPU.Build.0 = Debug|Any CPU
		{844042D2-EF2C-496B-A858-ED4DFB06F2E6}.Release|Any CPU.ActiveCfg = Release|Any CPU
		{844042D2-EF2C-496B-A858-ED4DFB06F2E6}.Release|Any CPU.Build.0 = Release|Any CPU
		{FBB8F171-BB72-46A6-A57B-07886DCC4682}.Debug|Any CPU.ActiveCfg = Debug|Any CPU
		{FBB8F171-BB72-46A6-A57B-07886DCC4682}.Debug|Any CPU.Build.0 = Debug|Any CPU
		{FBB8F171-BB72-46A6-A57B-07886DCC4682}.Release|Any CPU.ActiveCfg = Release|Any CPU
		{FBB8F171-BB72-46A6-A57B-07886DCC4682}.Release|Any CPU.Build.0 = Release|Any CPU
		{7B7234C1-C7D9-4871-89CF-AA030AC2D33E}.Debug|Any CPU.ActiveCfg = Debug|Any CPU
		{7B7234C1-C7D9-4871-89CF-AA030AC2D33E}.Debug|Any CPU.Build.0 = Debug|Any CPU
		{7B7234C1-C7D9-4871-89CF-AA030AC2D33E}.Release|Any CPU.ActiveCfg = Release|Any CPU
		{7B7234C1-C7D9-4871-89CF-AA030AC2D33E}.Release|Any CPU.Build.0 = Release|Any CPU
		{E2A640D2-D654-424B-B6B7-337D128414C1}.Debug|Any CPU.ActiveCfg = Debug|Any CPU
		{E2A640D2-D654-424B-B6B7-337D128414C1}.Debug|Any CPU.Build.0 = Debug|Any CPU
		{E2A640D2-D654-424B-B6B7-337D128414C1}.Release|Any CPU.ActiveCfg = Release|Any CPU
		{E2A640D2-D654-424B-B6B7-337D128414C1}.Release|Any CPU.Build.0 = Release|Any CPU
		{F267B635-9C1E-48F7-9456-233585213D77}.Debug|Any CPU.ActiveCfg = Debug|Any CPU
		{F267B635-9C1E-48F7-9456-233585213D77}.Debug|Any CPU.Build.0 = Debug|Any CPU
		{F267B635-9C1E-48F7-9456-233585213D77}.Release|Any CPU.ActiveCfg = Release|Any CPU
		{F267B635-9C1E-48F7-9456-233585213D77}.Release|Any CPU.Build.0 = Release|Any CPU
		{8A34150B-59EB-4E60-A9E4-48D3105FCBF7}.Debug|Any CPU.ActiveCfg = Debug|Any CPU
		{8A34150B-59EB-4E60-A9E4-48D3105FCBF7}.Debug|Any CPU.Build.0 = Debug|Any CPU
		{8A34150B-59EB-4E60-A9E4-48D3105FCBF7}.Release|Any CPU.ActiveCfg = Release|Any CPU
		{8A34150B-59EB-4E60-A9E4-48D3105FCBF7}.Release|Any CPU.Build.0 = Release|Any CPU
		{9D1A1847-0072-4A66-AB9A-46514EE122F1}.Debug|Any CPU.ActiveCfg = Debug|Any CPU
		{9D1A1847-0072-4A66-AB9A-46514EE122F1}.Debug|Any CPU.Build.0 = Debug|Any CPU
		{9D1A1847-0072-4A66-AB9A-46514EE122F1}.Release|Any CPU.ActiveCfg = Release|Any CPU
		{9D1A1847-0072-4A66-AB9A-46514EE122F1}.Release|Any CPU.Build.0 = Release|Any CPU
		{2991A736-87E6-4406-B26B-B89BD79619E0}.Debug|Any CPU.ActiveCfg = Debug|Any CPU
		{2991A736-87E6-4406-B26B-B89BD79619E0}.Debug|Any CPU.Build.0 = Debug|Any CPU
		{2991A736-87E6-4406-B26B-B89BD79619E0}.Release|Any CPU.ActiveCfg = Release|Any CPU
		{2991A736-87E6-4406-B26B-B89BD79619E0}.Release|Any CPU.Build.0 = Release|Any CPU
	EndGlobalSection
	GlobalSection(SolutionProperties) = preSolution
		HideSolutionNode = FALSE
	EndGlobalSection
	GlobalSection(ExtensibilityGlobals) = postSolution
		SolutionGuid = {F3CB58CB-77DA-433E-9628-16490527ADA2}
	EndGlobalSection
EndGlobal
