
Microsoft Visual Studio Solution File, Format Version 12.00
# Visual Studio Version 16
VisualStudioVersion = 16.0.31205.134
MinimumVisualStudioVersion = 10.0.40219.1
Project("{9A19103F-16F7-4668-BE54-9A1E7A4F7556}") = "Phoenix and Gold-1515A", "Phoenix and Gold-1515A\Phoenix and Gold-1515A.csproj", "{E15ECEC7-A3A9-40A1-912D-F63E97513961}"
EndProject
Project("{9A19103F-16F7-4668-BE54-9A1E7A4F7556}") = "Phoenix and Puzzle-1515B", "Phoenix and Puzzle-1515B\Phoenix and Puzzle-1515B.csproj", "{CAF07D17-F966-40B9-B2FC-127272035F59}"
EndProject
Project("{9A19103F-16F7-4668-BE54-9A1E7A4F7556}") = "Alarm Clock-1354A", "Alarm Clock-1354A\Alarm Clock-1354A.csproj", "{0441692A-06BC-4C5A-90A6-EEC52B4C8CD1}"
EndProject
Project("{9A19103F-16F7-4668-BE54-9A1E7A4F7556}") = "Even Odds-318A", "Even Odds-318A\Even Odds-318A.csproj", "{0073EB36-C9BA-4037-8136-1428E0CF4389}"
EndProject
Project("{9A19103F-16F7-4668-BE54-9A1E7A4F7556}") = "Taxi-158B", "Taxi-158B\Taxi-158B.csproj", "{E1B79191-07FE-4AA3-BC86-7E389265A6BD}"
EndProject
Project("{9A19103F-16F7-4668-BE54-9A1E7A4F7556}") = "Expression-479A", "Expression-479A\Expression-479A.csproj", "{1305D29F-DE81-43B2-B5C5-1D20E81C9471}"
EndProject
Project("{9A19103F-16F7-4668-BE54-9A1E7A4F7556}") = "Maximum in Table-509A", "Maximum in Table-509A\Maximum in Table-509A.csproj", "{B5E53C0A-D1CB-4E13-B4C4-31D0B0DC2780}"
EndProject
Project("{9A19103F-16F7-4668-BE54-9A1E7A4F7556}") = "LCM Problem-1389A", "LCM Problem-1389A\LCM Problem-1389A.csproj", "{2B1DAF44-8EB5-402B-BE9A-D380759DB135}"
EndProject
Project("{9A19103F-16F7-4668-BE54-9A1E7A4F7556}") = "Mahmoud and Ehab and the even-odd game-959A", "Mahmoud and Ehab and the even-odd game-959A\Mahmoud and Ehab and the even-odd game-959A.csproj", "{EBEB24F2-5C5B-4DC2-B3D2-AB80203677C8}"
EndProject
Project("{9A19103F-16F7-4668-BE54-9A1E7A4F7556}") = "Fafa and his Company-935A", "Fafa and his Company-935A\Fafa and his Company-935A.csproj", "{C77E7CC9-BF11-45A3-B306-AAC8C6128B1E}"
EndProject
Project("{9A19103F-16F7-4668-BE54-9A1E7A4F7556}") = "Do Not Be Distracted!-1520A", "Do Not Be Distracted!-1520A\Do Not Be Distracted!-1520A.csproj", "{881331A9-3579-4425-806C-5EA2ED4D50EF}"
EndProject
Project("{9A19103F-16F7-4668-BE54-9A1E7A4F7556}") = "Ordinary Numbers-1520B", "Ordinary Numbers-1520B\Ordinary Numbers-1520B.csproj", "{483FEE0E-43DB-41B2-ABC3-EB821D468E57}"
EndProject
Project("{9A19103F-16F7-4668-BE54-9A1E7A4F7556}") = "Not Adjacent Matrix-1520C", "Not Adjacent Matrix-1520C\Not Adjacent Matrix-1520C.csproj", "{29041C4C-08B3-4632-85F7-BA0ED6996CCB}"
EndProject
Project("{9A19103F-16F7-4668-BE54-9A1E7A4F7556}") = "Fair Division-1472B", "Fair Division-1472B\Fair Division-1472B.csproj", "{D300327D-6C8B-4C36-8EA7-CB5E23622AB0}"
EndProject
Project("{9A19103F-16F7-4668-BE54-9A1E7A4F7556}") = "CopyCopyCopyCopyCopy-1325B", "CopyCopyCopyCopyCopy-1325B\CopyCopyCopyCopyCopy-1325B.csproj", "{FEFC3572-FE08-43AD-A5AB-EE4F517F66CF}"
EndProject
Project("{9A19103F-16F7-4668-BE54-9A1E7A4F7556}") = "EhAb AnD gCd-1325A", "EhAb AnD gCd-1325A\EhAb AnD gCd-1325A.csproj", "{B14A8A03-6CA9-4CE4-94C4-11EB8F289B90}"
EndProject
Project("{9A19103F-16F7-4668-BE54-9A1E7A4F7556}") = "Omkar and Completion-1372A", "Omkar and Completion-1372A\Omkar and Completion-1372A.csproj", "{2829DF89-CC2D-4E12-82AB-48CE21A0A94C}"
EndProject
Project("{9A19103F-16F7-4668-BE54-9A1E7A4F7556}") = "Ichihime and Triangle-1337A", "Ichihime and Triangle-1337A\Ichihime and Triangle-1337A.csproj", "{02981389-7417-4552-8504-169577DA6B4F}"
EndProject
Project("{9A19103F-16F7-4668-BE54-9A1E7A4F7556}") = "Nastia and nearly Good Numbers-1521A", "Nastia and nearly Good Numbers-1521A\Nastia and nearly Good Numbers-1521A.csproj", "{FD07624F-B5C2-4EFA-AB32-7C24EDB57CE2}"
EndProject
Project("{9A19103F-16F7-4668-BE54-9A1E7A4F7556}") = "Again Twenty Five!-630A", "Again Twenty Five!-630A\Again Twenty Five!-630A.csproj", "{F513FFE4-34D3-4890-9158-F56D61CB3201}"
EndProject
Project("{9A19103F-16F7-4668-BE54-9A1E7A4F7556}") = "Minutes Before the New Year-1283A", "Minutes Before the New Year-1283A\Minutes Before the New Year-1283A.csproj", "{4E0AB440-2E24-4DF8-8FB2-5EF02B3A7B46}"
EndProject
Project("{9A19103F-16F7-4668-BE54-9A1E7A4F7556}") = "Array with Odd Sum-1296", "Array with Odd Sum-1296\Array with Odd Sum-1296.csproj", "{C5A6B515-81B8-4E72-9345-566B4722F280}"
EndProject
Project("{FAE04EC0-301F-11D3-BF4B-00C04F79EFBC}") = "FashionabLee-1369A", "FashionabLee-1369A\FashionabLee-1369A.csproj", "{2DB68F0F-1914-4C09-BD18-0B11F8CA8D54}"
EndProject
Project("{FAE04EC0-301F-11D3-BF4B-00C04F79EFBC}") = "Vanya and Cubes-492A", "Vanya and Cubes-492A\Vanya and Cubes-492A.csproj", "{D9F5C6EF-64BD-4955-B0F3-1442825FD006}"
EndProject
Project("{FAE04EC0-301F-11D3-BF4B-00C04F79EFBC}") = "Sereja and Dim-381A", "Sereja and Dim-381A\Sereja and Dim-381A.csproj", "{0334C8EA-2AE3-424F-A2F4-2F0E0478FDA3}"
EndProject
Project("{FAE04EC0-301F-11D3-BF4B-00C04F79EFBC}") = "Soft Drinking-151A", "Soft Drinking-151A\Soft Drinking-151A.csproj", "{F5557E03-44A9-4EFF-914F-8D389C771114}"
EndProject
Global
	GlobalSection(SolutionConfigurationPlatforms) = preSolution
		Debug|Any CPU = Debug|Any CPU
		Release|Any CPU = Release|Any CPU
	EndGlobalSection
	GlobalSection(ProjectConfigurationPlatforms) = postSolution
		{E15ECEC7-A3A9-40A1-912D-F63E97513961}.Debug|Any CPU.ActiveCfg = Debug|Any CPU
		{E15ECEC7-A3A9-40A1-912D-F63E97513961}.Debug|Any CPU.Build.0 = Debug|Any CPU
		{E15ECEC7-A3A9-40A1-912D-F63E97513961}.Release|Any CPU.ActiveCfg = Release|Any CPU
		{E15ECEC7-A3A9-40A1-912D-F63E97513961}.Release|Any CPU.Build.0 = Release|Any CPU
		{CAF07D17-F966-40B9-B2FC-127272035F59}.Debug|Any CPU.ActiveCfg = Debug|Any CPU
		{CAF07D17-F966-40B9-B2FC-127272035F59}.Debug|Any CPU.Build.0 = Debug|Any CPU
		{CAF07D17-F966-40B9-B2FC-127272035F59}.Release|Any CPU.ActiveCfg = Release|Any CPU
		{CAF07D17-F966-40B9-B2FC-127272035F59}.Release|Any CPU.Build.0 = Release|Any CPU
		{0441692A-06BC-4C5A-90A6-EEC52B4C8CD1}.Debug|Any CPU.ActiveCfg = Debug|Any CPU
		{0441692A-06BC-4C5A-90A6-EEC52B4C8CD1}.Debug|Any CPU.Build.0 = Debug|Any CPU
		{0441692A-06BC-4C5A-90A6-EEC52B4C8CD1}.Release|Any CPU.ActiveCfg = Release|Any CPU
		{0441692A-06BC-4C5A-90A6-EEC52B4C8CD1}.Release|Any CPU.Build.0 = Release|Any CPU
		{0073EB36-C9BA-4037-8136-1428E0CF4389}.Debug|Any CPU.ActiveCfg = Debug|Any CPU
		{0073EB36-C9BA-4037-8136-1428E0CF4389}.Debug|Any CPU.Build.0 = Debug|Any CPU
		{0073EB36-C9BA-4037-8136-1428E0CF4389}.Release|Any CPU.ActiveCfg = Release|Any CPU
		{0073EB36-C9BA-4037-8136-1428E0CF4389}.Release|Any CPU.Build.0 = Release|Any CPU
		{E1B79191-07FE-4AA3-BC86-7E389265A6BD}.Debug|Any CPU.ActiveCfg = Debug|Any CPU
		{E1B79191-07FE-4AA3-BC86-7E389265A6BD}.Debug|Any CPU.Build.0 = Debug|Any CPU
		{E1B79191-07FE-4AA3-BC86-7E389265A6BD}.Release|Any CPU.ActiveCfg = Release|Any CPU
		{E1B79191-07FE-4AA3-BC86-7E389265A6BD}.Release|Any CPU.Build.0 = Release|Any CPU
		{1305D29F-DE81-43B2-B5C5-1D20E81C9471}.Debug|Any CPU.ActiveCfg = Debug|Any CPU
		{1305D29F-DE81-43B2-B5C5-1D20E81C9471}.Debug|Any CPU.Build.0 = Debug|Any CPU
		{1305D29F-DE81-43B2-B5C5-1D20E81C9471}.Release|Any CPU.ActiveCfg = Release|Any CPU
		{1305D29F-DE81-43B2-B5C5-1D20E81C9471}.Release|Any CPU.Build.0 = Release|Any CPU
		{B5E53C0A-D1CB-4E13-B4C4-31D0B0DC2780}.Debug|Any CPU.ActiveCfg = Debug|Any CPU
		{B5E53C0A-D1CB-4E13-B4C4-31D0B0DC2780}.Debug|Any CPU.Build.0 = Debug|Any CPU
		{B5E53C0A-D1CB-4E13-B4C4-31D0B0DC2780}.Release|Any CPU.ActiveCfg = Release|Any CPU
		{B5E53C0A-D1CB-4E13-B4C4-31D0B0DC2780}.Release|Any CPU.Build.0 = Release|Any CPU
		{2B1DAF44-8EB5-402B-BE9A-D380759DB135}.Debug|Any CPU.ActiveCfg = Debug|Any CPU
		{2B1DAF44-8EB5-402B-BE9A-D380759DB135}.Debug|Any CPU.Build.0 = Debug|Any CPU
		{2B1DAF44-8EB5-402B-BE9A-D380759DB135}.Release|Any CPU.ActiveCfg = Release|Any CPU
		{2B1DAF44-8EB5-402B-BE9A-D380759DB135}.Release|Any CPU.Build.0 = Release|Any CPU
		{EBEB24F2-5C5B-4DC2-B3D2-AB80203677C8}.Debug|Any CPU.ActiveCfg = Debug|Any CPU
		{EBEB24F2-5C5B-4DC2-B3D2-AB80203677C8}.Debug|Any CPU.Build.0 = Debug|Any CPU
		{EBEB24F2-5C5B-4DC2-B3D2-AB80203677C8}.Release|Any CPU.ActiveCfg = Release|Any CPU
		{EBEB24F2-5C5B-4DC2-B3D2-AB80203677C8}.Release|Any CPU.Build.0 = Release|Any CPU
		{C77E7CC9-BF11-45A3-B306-AAC8C6128B1E}.Debug|Any CPU.ActiveCfg = Debug|Any CPU
		{C77E7CC9-BF11-45A3-B306-AAC8C6128B1E}.Debug|Any CPU.Build.0 = Debug|Any CPU
		{C77E7CC9-BF11-45A3-B306-AAC8C6128B1E}.Release|Any CPU.ActiveCfg = Release|Any CPU
		{C77E7CC9-BF11-45A3-B306-AAC8C6128B1E}.Release|Any CPU.Build.0 = Release|Any CPU
		{881331A9-3579-4425-806C-5EA2ED4D50EF}.Debug|Any CPU.ActiveCfg = Debug|Any CPU
		{881331A9-3579-4425-806C-5EA2ED4D50EF}.Debug|Any CPU.Build.0 = Debug|Any CPU
		{881331A9-3579-4425-806C-5EA2ED4D50EF}.Release|Any CPU.ActiveCfg = Release|Any CPU
		{881331A9-3579-4425-806C-5EA2ED4D50EF}.Release|Any CPU.Build.0 = Release|Any CPU
		{483FEE0E-43DB-41B2-ABC3-EB821D468E57}.Debug|Any CPU.ActiveCfg = Debug|Any CPU
		{483FEE0E-43DB-41B2-ABC3-EB821D468E57}.Debug|Any CPU.Build.0 = Debug|Any CPU
		{483FEE0E-43DB-41B2-ABC3-EB821D468E57}.Release|Any CPU.ActiveCfg = Release|Any CPU
		{483FEE0E-43DB-41B2-ABC3-EB821D468E57}.Release|Any CPU.Build.0 = Release|Any CPU
		{29041C4C-08B3-4632-85F7-BA0ED6996CCB}.Debug|Any CPU.ActiveCfg = Debug|Any CPU
		{29041C4C-08B3-4632-85F7-BA0ED6996CCB}.Debug|Any CPU.Build.0 = Debug|Any CPU
		{29041C4C-08B3-4632-85F7-BA0ED6996CCB}.Release|Any CPU.ActiveCfg = Release|Any CPU
		{29041C4C-08B3-4632-85F7-BA0ED6996CCB}.Release|Any CPU.Build.0 = Release|Any CPU
		{D300327D-6C8B-4C36-8EA7-CB5E23622AB0}.Debug|Any CPU.ActiveCfg = Debug|Any CPU
		{D300327D-6C8B-4C36-8EA7-CB5E23622AB0}.Debug|Any CPU.Build.0 = Debug|Any CPU
		{D300327D-6C8B-4C36-8EA7-CB5E23622AB0}.Release|Any CPU.ActiveCfg = Release|Any CPU
		{D300327D-6C8B-4C36-8EA7-CB5E23622AB0}.Release|Any CPU.Build.0 = Release|Any CPU
		{FEFC3572-FE08-43AD-A5AB-EE4F517F66CF}.Debug|Any CPU.ActiveCfg = Debug|Any CPU
		{FEFC3572-FE08-43AD-A5AB-EE4F517F66CF}.Debug|Any CPU.Build.0 = Debug|Any CPU
		{FEFC3572-FE08-43AD-A5AB-EE4F517F66CF}.Release|Any CPU.ActiveCfg = Release|Any CPU
		{FEFC3572-FE08-43AD-A5AB-EE4F517F66CF}.Release|Any CPU.Build.0 = Release|Any CPU
		{B14A8A03-6CA9-4CE4-94C4-11EB8F289B90}.Debug|Any CPU.ActiveCfg = Debug|Any CPU
		{B14A8A03-6CA9-4CE4-94C4-11EB8F289B90}.Debug|Any CPU.Build.0 = Debug|Any CPU
		{B14A8A03-6CA9-4CE4-94C4-11EB8F289B90}.Release|Any CPU.ActiveCfg = Release|Any CPU
		{B14A8A03-6CA9-4CE4-94C4-11EB8F289B90}.Release|Any CPU.Build.0 = Release|Any CPU
		{2829DF89-CC2D-4E12-82AB-48CE21A0A94C}.Debug|Any CPU.ActiveCfg = Debug|Any CPU
		{2829DF89-CC2D-4E12-82AB-48CE21A0A94C}.Debug|Any CPU.Build.0 = Debug|Any CPU
		{2829DF89-CC2D-4E12-82AB-48CE21A0A94C}.Release|Any CPU.ActiveCfg = Release|Any CPU
		{2829DF89-CC2D-4E12-82AB-48CE21A0A94C}.Release|Any CPU.Build.0 = Release|Any CPU
		{02981389-7417-4552-8504-169577DA6B4F}.Debug|Any CPU.ActiveCfg = Debug|Any CPU
		{02981389-7417-4552-8504-169577DA6B4F}.Debug|Any CPU.Build.0 = Debug|Any CPU
		{02981389-7417-4552-8504-169577DA6B4F}.Release|Any CPU.ActiveCfg = Release|Any CPU
		{02981389-7417-4552-8504-169577DA6B4F}.Release|Any CPU.Build.0 = Release|Any CPU
		{FD07624F-B5C2-4EFA-AB32-7C24EDB57CE2}.Debug|Any CPU.ActiveCfg = Debug|Any CPU
		{FD07624F-B5C2-4EFA-AB32-7C24EDB57CE2}.Debug|Any CPU.Build.0 = Debug|Any CPU
		{FD07624F-B5C2-4EFA-AB32-7C24EDB57CE2}.Release|Any CPU.ActiveCfg = Release|Any CPU
		{FD07624F-B5C2-4EFA-AB32-7C24EDB57CE2}.Release|Any CPU.Build.0 = Release|Any CPU
		{F513FFE4-34D3-4890-9158-F56D61CB3201}.Debug|Any CPU.ActiveCfg = Debug|Any CPU
		{F513FFE4-34D3-4890-9158-F56D61CB3201}.Debug|Any CPU.Build.0 = Debug|Any CPU
		{F513FFE4-34D3-4890-9158-F56D61CB3201}.Release|Any CPU.ActiveCfg = Release|Any CPU
		{F513FFE4-34D3-4890-9158-F56D61CB3201}.Release|Any CPU.Build.0 = Release|Any CPU
		{4E0AB440-2E24-4DF8-8FB2-5EF02B3A7B46}.Debug|Any CPU.ActiveCfg = Debug|Any CPU
		{4E0AB440-2E24-4DF8-8FB2-5EF02B3A7B46}.Debug|Any CPU.Build.0 = Debug|Any CPU
		{4E0AB440-2E24-4DF8-8FB2-5EF02B3A7B46}.Release|Any CPU.ActiveCfg = Release|Any CPU
		{4E0AB440-2E24-4DF8-8FB2-5EF02B3A7B46}.Release|Any CPU.Build.0 = Release|Any CPU
		{C5A6B515-81B8-4E72-9345-566B4722F280}.Debug|Any CPU.ActiveCfg = Debug|Any CPU
		{C5A6B515-81B8-4E72-9345-566B4722F280}.Debug|Any CPU.Build.0 = Debug|Any CPU
		{C5A6B515-81B8-4E72-9345-566B4722F280}.Release|Any CPU.ActiveCfg = Release|Any CPU
		{C5A6B515-81B8-4E72-9345-566B4722F280}.Release|Any CPU.Build.0 = Release|Any CPU
		{2DB68F0F-1914-4C09-BD18-0B11F8CA8D54}.Debug|Any CPU.ActiveCfg = Debug|Any CPU
		{2DB68F0F-1914-4C09-BD18-0B11F8CA8D54}.Debug|Any CPU.Build.0 = Debug|Any CPU
		{2DB68F0F-1914-4C09-BD18-0B11F8CA8D54}.Release|Any CPU.ActiveCfg = Release|Any CPU
		{2DB68F0F-1914-4C09-BD18-0B11F8CA8D54}.Release|Any CPU.Build.0 = Release|Any CPU
		{D9F5C6EF-64BD-4955-B0F3-1442825FD006}.Debug|Any CPU.ActiveCfg = Debug|Any CPU
		{D9F5C6EF-64BD-4955-B0F3-1442825FD006}.Debug|Any CPU.Build.0 = Debug|Any CPU
		{D9F5C6EF-64BD-4955-B0F3-1442825FD006}.Release|Any CPU.ActiveCfg = Release|Any CPU
		{D9F5C6EF-64BD-4955-B0F3-1442825FD006}.Release|Any CPU.Build.0 = Release|Any CPU
		{0334C8EA-2AE3-424F-A2F4-2F0E0478FDA3}.Debug|Any CPU.ActiveCfg = Debug|Any CPU
		{0334C8EA-2AE3-424F-A2F4-2F0E0478FDA3}.Debug|Any CPU.Build.0 = Debug|Any CPU
		{0334C8EA-2AE3-424F-A2F4-2F0E0478FDA3}.Release|Any CPU.ActiveCfg = Release|Any CPU
		{0334C8EA-2AE3-424F-A2F4-2F0E0478FDA3}.Release|Any CPU.Build.0 = Release|Any CPU
		{F5557E03-44A9-4EFF-914F-8D389C771114}.Debug|Any CPU.ActiveCfg = Debug|Any CPU
		{F5557E03-44A9-4EFF-914F-8D389C771114}.Debug|Any CPU.Build.0 = Debug|Any CPU
		{F5557E03-44A9-4EFF-914F-8D389C771114}.Release|Any CPU.ActiveCfg = Release|Any CPU
		{F5557E03-44A9-4EFF-914F-8D389C771114}.Release|Any CPU.Build.0 = Release|Any CPU
	EndGlobalSection
	GlobalSection(SolutionProperties) = preSolution
		HideSolutionNode = FALSE
	EndGlobalSection
	GlobalSection(ExtensibilityGlobals) = postSolution
		SolutionGuid = {EDC8FAAD-990F-4D40-89AF-378044910D6A}
	EndGlobalSection
EndGlobal
